PODS:
  - Alamofire (4.8.2)
  - Each (1.2.0)
  - FanapPodAsyncSDK (0.10.0.0):
    - Each (~> 1.2)
    - Sentry (~> 4.3.1)
    - Starscream (~> 3.0.5)
    - SwiftyBeaver
    - SwiftyJSON
  - FanapPodChatSDK (0.10.0.0):
    - Alamofire (~> 4.8.2)
    - FanapPodAsyncSDK
    - FanapPodChatSDK/FanapPodAsyncSDK (= 0.10.0.0)
    - Sentry (~> 4.3.1)
  - FanapPodChatSDK/FanapPodAsyncSDK (0.10.0.0):
    - Alamofire (~> 4.8.2)
    - Each (~> 1.2)
    - FanapPodAsyncSDK
    - Sentry (~> 4.3.1)
    - Starscream (~> 3.0.5)
    - SwiftyBeaver
    - SwiftyJSON
  - Sentry (4.3.4):
    - Sentry/Core (= 4.3.4)
  - Sentry/Core (4.3.4)
  - Starscream (3.0.6)
  - SwiftyBeaver (1.9.3)
  - SwiftyJSON (5.0.1)

DEPENDENCIES:
  - FanapPodAsyncSDK (from `/Users/hamedhosseini/Desktop/WorkSpace/ios/Fanap/Fanap-Async-SDK`)
  - FanapPodChatSDK (from `/Users/hamedhosseini/Desktop/WorkSpace/ios/Fanap/Fanap-Chat-SDK`)

SPEC REPOS:
  trunk:
    - Alamofire
    - Each
    - Sentry
    - Starscream
    - SwiftyBeaver
    - SwiftyJSON

EXTERNAL SOURCES:
  FanapPodAsyncSDK:
    :path: "/Users/hamedhosseini/Desktop/WorkSpace/ios/Fanap/Fanap-Async-SDK"
  FanapPodChatSDK:
    :path: "/Users/hamedhosseini/Desktop/WorkSpace/ios/Fanap/Fanap-Chat-SDK"

SPEC CHECKSUMS:
  Alamofire: ae5c501addb7afdbb13687d7f2f722c78734c2d3
  Each: 53d089bc231f4a7221ed201bf23ac343c5c4d560
  FanapPodAsyncSDK: 784d6fecf66f2119e517c8553ef0c6e54af27c60
  FanapPodChatSDK: 305999b4735a040b2469d0c3fa513685d9de3902
  Sentry: 26f0e6492b103e87434d1a5eea2d241a36f2c2a2
  Starscream: ef3ece99d765eeccb67de105bfa143f929026cf5
  SwiftyBeaver: 2e8acd6fc90c6d0a27055867a290794926d57c02
  SwiftyJSON: 2f33a42c6fbc52764d96f13368585094bfd8aa5e

PODFILE CHECKSUM: 380ac61d4aedcd3d468b3ccbe18486a6e552a446

COCOAPODS: 1.10.1
