PODS:
  - FanapPodAsyncSDK (1.2.0):
    - Starscream (~> 3.0.5)
  - FanapPodChatSDK (1.2.3):
    - FanapPodAsyncSDK (~> 1.2.0)
  - Starscream (3.0.6)

DEPENDENCIES:
  - FanapPodAsyncSDK (from `/Users/hamed/Desktop/Workspace/ios/Fanap/v1.2/async`)
  - FanapPodChatSDK (from `/Users/hamed/Desktop/Workspace/ios/Fanap/v1.2/chat`)

SPEC REPOS:
  trunk:
    - Starscream

EXTERNAL SOURCES:
  FanapPodAsyncSDK:
    :path: "/Users/hamed/Desktop/Workspace/ios/Fanap/v1.2/async"
  FanapPodChatSDK:
    :path: "/Users/hamed/Desktop/Workspace/ios/Fanap/v1.2/chat"

SPEC CHECKSUMS:
  FanapPodAsyncSDK: e2beeb0f464937444bb1416076630ecae8a02c6a
  FanapPodChatSDK: 0b3026891e03e2c2dc4951b424614ecf84764aaa
  Starscream: ef3ece99d765eeccb67de105bfa143f929026cf5

PODFILE CHECKSUM: 56237b1039218717d176ac7c908ae879a6b2c108

COCOAPODS: 1.11.3
