{
  "pins" : [
    {
      "identity" : "fanappodasyncsdk",
      "kind" : "remoteSourceControl",
      "location" : "https://pubgi.fanapsoft.ir/chat/ios/fanappodasyncsdk.git",
      "state" : {
        "revision" : "d9f8d1b0f9874320453fb7e2e124a607d9af56fa",
        "version" : "1.2.0"
      }
    },
    {
      "identity" : "starscream",
      "kind" : "remoteSourceControl",
      "location" : "https://github.com/daltoniam/Starscream.git",
      "state" : {
        "revision" : "a063fda2b8145a231953c20e7a646be254365396",
        "version" : "3.1.2"
      }
    },
    {
      "identity" : "swift-docc-plugin",
      "kind" : "remoteSourceControl",
      "location" : "https://github.com/apple/swift-docc-plugin",
      "state" : {
        "branch" : "main",
        "revision" : "6a6577adb48651a1ca7dee6861c894ee6ca66021"
      }
    },
    {
      "identity" : "swift-docc-symbolkit",
      "kind" : "remoteSourceControl",
      "location" : "https://github.com/apple/swift-docc-symbolkit",
      "state" : {
        "branch" : "main",
        "revision" : "b45d1f2ed151d057b54504d653e0da5552844e34"
      }
    }
  ],
  "version" : 2
}
