// !$*UTF8*$!
{
	archiveVersion = 1;
	classes = {
	};
	objectVersion = 51;
	objects = {

/* Begin PBXBuildFile section */
		0BA2FE3B1809DB20412FD55E /* Pods_ChatApplication.framework in Frameworks */ = {isa = PBXBuildFile; fileRef = 4F7DD945EEAC5CFDE0C688FC /* Pods_ChatApplication.framework */; };
		14A8489843E49721698AB9DD /* Pods_MyWidgetExtension.framework in Frameworks */ = {isa = PBXBuildFile; fileRef = 0703C3D3AE7BBA360A74A78B /* Pods_MyWidgetExtension.framework */; };
		AC00883B271D65B000376BBB /* Ringtone.aif in Resources */ = {isa = PBXBuildFile; fileRef = AC00883A271D65B000376BBB /* Ringtone.aif */; };
		AC008F3C268C4FA500B008FF /* HomeContentView.swift in Sources */ = {isa = PBXBuildFile; fileRef = AC008F3B268C4FA500B008FF /* HomeContentView.swift */; };
		AC0435FC26998D3700B1C87B /* ParticipantsModel.swift in Sources */ = {isa = PBXBuildFile; fileRef = AC0435FB26998D2200B1C87B /* ParticipantsModel.swift */; };
		AC0435FD26998D3E00B1C87B /* ParticipantsViewModel.swift in Sources */ = {isa = PBXBuildFile; fileRef = AC0435FA26998D0C00B1C87B /* ParticipantsViewModel.swift */; };
		AC0435FF26998D4400B1C87B /* ParticipantRow.swift in Sources */ = {isa = PBXBuildFile; fileRef = AC0435FE26998D4400B1C87B /* ParticipantRow.swift */; };
		AC04360126998D5F00B1C87B /* ParticipantsContentList.swift in Sources */ = {isa = PBXBuildFile; fileRef = AC04360026998D5F00B1C87B /* ParticipantsContentList.swift */; };
		AC085F3B2692EA8A001492B2 /* Config.json in Resources */ = {isa = PBXBuildFile; fileRef = AC085F3A2692EA8A001492B2 /* Config.json */; };
		AC085F3E2692EC71001492B2 /* Config.swift in Sources */ = {isa = PBXBuildFile; fileRef = AC085F3D2692EC71001492B2 /* Config.swift */; };
		AC0889AA2691C32F00FD4552 /* TestSwiftUI.swift in Sources */ = {isa = PBXBuildFile; fileRef = AC0889A92691C32F00FD4552 /* TestSwiftUI.swift */; };
		AC0889AC2691D47E00FD4552 /* AppState.swift in Sources */ = {isa = PBXBuildFile; fileRef = AC0889AB2691D47E00FD4552 /* AppState.swift */; };
		AC0889B02691E14500FD4552 /* CustomHostinViewController.swift in Sources */ = {isa = PBXBuildFile; fileRef = AC0889AF2691E14500FD4552 /* CustomHostinViewController.swift */; };
		AC0B1D652690721000C6917A /* LogCell.swift in Sources */ = {isa = PBXBuildFile; fileRef = AC0B1D642690721000C6917A /* LogCell.swift */; };
		AC0B1D672690723B00C6917A /* ResultViewController.swift in Sources */ = {isa = PBXBuildFile; fileRef = AC0B1D662690723B00C6917A /* ResultViewController.swift */; };
		AC0B1D692690726100C6917A /* Result.storyboard in Resources */ = {isa = PBXBuildFile; fileRef = AC0B1D682690726100C6917A /* Result.storyboard */; };
		AC0FE1372755047A00C7A8DB /* IntEX.swift in Sources */ = {isa = PBXBuildFile; fileRef = AC0FE1362755047A00C7A8DB /* IntEX.swift */; };
		AC10007126F4655E00C3AD67 /* AuthorizeResponse.swift in Sources */ = {isa = PBXBuildFile; fileRef = AC10007026F4655E00C3AD67 /* AuthorizeResponse.swift */; };
		AC10007326F4674500C3AD67 /* SSOTokenResponse.swift in Sources */ = {isa = PBXBuildFile; fileRef = AC10007226F4674500C3AD67 /* SSOTokenResponse.swift */; };
		AC10007926F46B4100C3AD67 /* LoginView.swift in Sources */ = {isa = PBXBuildFile; fileRef = AC10007826F46B4100C3AD67 /* LoginView.swift */; };
		AC10007B26F46EC900C3AD67 /* LoginViewModel.swift in Sources */ = {isa = PBXBuildFile; fileRef = AC10007A26F46EC900C3AD67 /* LoginViewModel.swift */; };
		AC122EC2266B82A000C0630F /* ThreadContentList.swift in Sources */ = {isa = PBXBuildFile; fileRef = AC122EC1266B82A000C0630F /* ThreadContentList.swift */; };
		AC122EC4266B83A800C0630F /* SettingsView.swift in Sources */ = {isa = PBXBuildFile; fileRef = AC122EC3266B83A800C0630F /* SettingsView.swift */; };
		AC122EC8266BA17C00C0630F /* PullToRefresh.swift in Sources */ = {isa = PBXBuildFile; fileRef = AC122EC7266BA17C00C0630F /* PullToRefresh.swift */; };
		AC1D2CAE2661FFAD00AA351A /* Assets.xcassets in Resources */ = {isa = PBXBuildFile; fileRef = AC1D2CAD2661FFAD00AA351A /* Assets.xcassets */; };
		AC1D2CB12661FFAD00AA351A /* Preview Assets.xcassets in Resources */ = {isa = PBXBuildFile; fileRef = AC1D2CB02661FFAD00AA351A /* Preview Assets.xcassets */; };
		AC1D2CB42661FFAD00AA351A /* LaunchScreen.storyboard in Resources */ = {isa = PBXBuildFile; fileRef = AC1D2CB22661FFAD00AA351A /* LaunchScreen.storyboard */; };
		AC1D2CCA2662016E00AA351A /* ImageLoader.swift in Sources */ = {isa = PBXBuildFile; fileRef = AC1D2CBF2662016D00AA351A /* ImageLoader.swift */; };
		AC1D2CCB2662016E00AA351A /* Avatar.swift in Sources */ = {isa = PBXBuildFile; fileRef = AC1D2CC02662016D00AA351A /* Avatar.swift */; };
		AC1D2CCC2662016E00AA351A /* LoadingView.swift in Sources */ = {isa = PBXBuildFile; fileRef = AC1D2CC12662016D00AA351A /* LoadingView.swift */; };
		AC1D2CCD2662016E00AA351A /* SceneDelegate.swift in Sources */ = {isa = PBXBuildFile; fileRef = AC1D2CC22662016D00AA351A /* SceneDelegate.swift */; };
		AC1D2CCE2662016E00AA351A /* ThreadsModel.swift in Sources */ = {isa = PBXBuildFile; fileRef = AC1D2CC42662016D00AA351A /* ThreadsModel.swift */; };
		AC1D2CCF2662016E00AA351A /* ThreadsViewModel.swift in Sources */ = {isa = PBXBuildFile; fileRef = AC1D2CC52662016D00AA351A /* ThreadsViewModel.swift */; };
		AC1D2CD12662016E00AA351A /* ThreadRow.swift in Sources */ = {isa = PBXBuildFile; fileRef = AC1D2CC72662016D00AA351A /* ThreadRow.swift */; };
		AC1D2CD22662016E00AA351A /* AppDelegate.swift in Sources */ = {isa = PBXBuildFile; fileRef = AC1D2CC82662016D00AA351A /* AppDelegate.swift */; };
		AC1D2CD32662016E00AA351A /* ChatDelegateImplementation.swift in Sources */ = {isa = PBXBuildFile; fileRef = AC1D2CC92662016E00AA351A /* ChatDelegateImplementation.swift */; };
		AC20FBA4266CC4B500187B47 /* DateEX.swift in Sources */ = {isa = PBXBuildFile; fileRef = AC20FBA3266CC4B500187B47 /* DateEX.swift */; };
		AC21DA40273BF7D700DC86E6 /* StringEX.swift in Sources */ = {isa = PBXBuildFile; fileRef = AC21DA3F273BF7D700DC86E6 /* StringEX.swift */; };
		AC23695627439478008195D7 /* SearchContactRow.swift in Sources */ = {isa = PBXBuildFile; fileRef = AC23695527439478008195D7 /* SearchContactRow.swift */; };
		AC2D31C326EF75BC008FF43F /* webrtc_user_a.mp4 in Resources */ = {isa = PBXBuildFile; fileRef = AC2D31C126EF75BB008FF43F /* webrtc_user_a.mp4 */; };
		AC2D31C426EF75BC008FF43F /* webrtc_user_b.mp4 in Resources */ = {isa = PBXBuildFile; fileRef = AC2D31C226EF75BC008FF43F /* webrtc_user_b.mp4 */; };
		AC2E4747274B58880073E8E4 /* UserDefaultsEX.swift in Sources */ = {isa = PBXBuildFile; fileRef = AC2E4746274B58880073E8E4 /* UserDefaultsEX.swift */; };
		AC2E4748274B58EB0073E8E4 /* UserDefaultsEX.swift in Sources */ = {isa = PBXBuildFile; fileRef = AC2E4746274B58880073E8E4 /* UserDefaultsEX.swift */; };
		AC2E474A274B6FB40073E8E4 /* AppGroup.swift in Sources */ = {isa = PBXBuildFile; fileRef = AC2E4749274B6FB40073E8E4 /* AppGroup.swift */; };
		AC2E474B274B6FB70073E8E4 /* AppGroup.swift in Sources */ = {isa = PBXBuildFile; fileRef = AC2E4749274B6FB40073E8E4 /* AppGroup.swift */; };
		AC3AB626274292F3006C3F85 /* ThreadDetailView.swift in Sources */ = {isa = PBXBuildFile; fileRef = AC3AB625274292F3006C3F85 /* ThreadDetailView.swift */; };
		AC48ED5E26F6F6AE00AB1A5D /* Routes.swift in Sources */ = {isa = PBXBuildFile; fileRef = AC48ED5D26F6F6AD00AB1A5D /* Routes.swift */; };
		AC48ED6026F6F9E300AB1A5D /* RestClient.swift in Sources */ = {isa = PBXBuildFile; fileRef = AC48ED5F26F6F9E300AB1A5D /* RestClient.swift */; };
		AC48ED6126F6FD3A00AB1A5D /* HandshakeRequest.swift in Sources */ = {isa = PBXBuildFile; fileRef = AC10007426F4698B00C3AD67 /* HandshakeRequest.swift */; };
		AC48ED6326F7051F00AB1A5D /* AuthorizeRequest.swift in Sources */ = {isa = PBXBuildFile; fileRef = AC48ED6226F7051F00AB1A5D /* AuthorizeRequest.swift */; };
		AC48ED6526F7299F00AB1A5D /* VerifyRequest.swift in Sources */ = {isa = PBXBuildFile; fileRef = AC48ED6426F7299F00AB1A5D /* VerifyRequest.swift */; };
		AC53261A2751F1F3003685E3 /* UploadFileView.swift in Sources */ = {isa = PBXBuildFile; fileRef = AC5326192751F1DA003685E3 /* UploadFileView.swift */; };
		AC53261C2751F227003685E3 /* CircularProgressView.swift in Sources */ = {isa = PBXBuildFile; fileRef = AC53261B2751F227003685E3 /* CircularProgressView.swift */; };
		AC5411E4275631A90018C78D /* ColorEx.swift in Sources */ = {isa = PBXBuildFile; fileRef = AC5411E3275631A90018C78D /* ColorEx.swift */; };
		AC5411E627563A440018C78D /* UIImageEX.swift in Sources */ = {isa = PBXBuildFile; fileRef = AC5411E527563A440018C78D /* UIImageEX.swift */; };
		AC5646A027006DF600DE9805 /* UINavigationontroller.swift in Sources */ = {isa = PBXBuildFile; fileRef = AC56469F27006DF600DE9805 /* UINavigationontroller.swift */; };
		AC5E388926F5B3D70016EFAA /* ListModifier.swift in Sources */ = {isa = PBXBuildFile; fileRef = AC5E388826F5B3D70016EFAA /* ListModifier.swift */; };
		AC6291972750A91800190975 /* DocumentPicker.swift in Sources */ = {isa = PBXBuildFile; fileRef = AC6291962750A91800190975 /* DocumentPicker.swift */; };
		AC6291992750E29600190975 /* UrlEX.swift in Sources */ = {isa = PBXBuildFile; fileRef = AC6291982750E29600190975 /* UrlEX.swift */; };
		AC62919B2750EC3900190975 /* DownloadFileView.swift in Sources */ = {isa = PBXBuildFile; fileRef = AC62919A2750EC2200190975 /* DownloadFileView.swift */; };
		AC6D39E9270F1BEC004E1793 /* MultilineTextField.swift in Sources */ = {isa = PBXBuildFile; fileRef = AC6D39E8270F1BEC004E1793 /* MultilineTextField.swift */; };
		AC6D532026F1ADD000CBC059 /* ThreadView.swift in Sources */ = {isa = PBXBuildFile; fileRef = AC6D531F26F1ADA500CBC059 /* ThreadView.swift */; };
		AC6D532226F1ADF000CBC059 /* ThreadViewModel.swift in Sources */ = {isa = PBXBuildFile; fileRef = AC6D532126F1ADF000CBC059 /* ThreadViewModel.swift */; };
		AC6D532426F1AE8C00CBC059 /* MessageRow.swift in Sources */ = {isa = PBXBuildFile; fileRef = AC6D532326F1AE8C00CBC059 /* MessageRow.swift */; };
		AC6D532626F1AF4400CBC059 /* ThreadModel.swift in Sources */ = {isa = PBXBuildFile; fileRef = AC6D532526F1AF4400CBC059 /* ThreadModel.swift */; };
		AC7B6D75266DE7820059782E /* LoadingViewAtBottomOfView.swift in Sources */ = {isa = PBXBuildFile; fileRef = AC7B6D74266DE7820059782E /* LoadingViewAtBottomOfView.swift */; };
		AC7EBFF4266CAF2500984E81 /* ContactContentList.swift in Sources */ = {isa = PBXBuildFile; fileRef = AC9DAC6F266CAD63009E4722 /* ContactContentList.swift */; };
		AC7EBFF5266CAF2B00984E81 /* ContactRow.swift in Sources */ = {isa = PBXBuildFile; fileRef = AC9DAC6E266CAD63009E4722 /* ContactRow.swift */; };
		AC7EBFF6266CAF2E00984E81 /* ContactsViewModel.swift in Sources */ = {isa = PBXBuildFile; fileRef = AC9DAC6D266CAD63009E4722 /* ContactsViewModel.swift */; };
		AC7EBFF7266CAF3100984E81 /* ContactsModel.swift in Sources */ = {isa = PBXBuildFile; fileRef = AC9DAC6C266CAD63009E4722 /* ContactsModel.swift */; };
		AC826E3626F47A1F00551578 /* LoginModel.swift in Sources */ = {isa = PBXBuildFile; fileRef = AC826E3526F47A1F00551578 /* LoginModel.swift */; };
		AC90B25526FB838D00477E03 /* PageWithNavigationBarView.swift in Sources */ = {isa = PBXBuildFile; fileRef = AC90B25426FB838D00477E03 /* PageWithNavigationBarView.swift */; };
		AC91591D2718390D00437517 /* FileManagerExtension.swift in Sources */ = {isa = PBXBuildFile; fileRef = AC91591C2718390D00437517 /* FileManagerExtension.swift */; };
		AC924CA7274A3D1500E33BD1 /* LoadingViewAtCenterOfView.swift in Sources */ = {isa = PBXBuildFile; fileRef = AC924CA6274A3D1500E33BD1 /* LoadingViewAtCenterOfView.swift */; };
		AC924CAE274A6D7200E33BD1 /* WidgetKit.framework in Frameworks */ = {isa = PBXBuildFile; fileRef = AC924CAD274A6D7200E33BD1 /* WidgetKit.framework */; };
		AC924CB0274A6D7200E33BD1 /* SwiftUI.framework in Frameworks */ = {isa = PBXBuildFile; fileRef = AC924CAF274A6D7200E33BD1 /* SwiftUI.framework */; };
		AC924CB3274A6D7200E33BD1 /* MyWidget.swift in Sources */ = {isa = PBXBuildFile; fileRef = AC924CB2274A6D7200E33BD1 /* MyWidget.swift */; };
		AC924CB6274A6D7300E33BD1 /* Assets.xcassets in Resources */ = {isa = PBXBuildFile; fileRef = AC924CB5274A6D7300E33BD1 /* Assets.xcassets */; };
		AC924CB8274A6D7300E33BD1 /* MyWidget.intentdefinition in Sources */ = {isa = PBXBuildFile; fileRef = AC924CB4274A6D7200E33BD1 /* MyWidget.intentdefinition */; };
		AC924CB9274A6D7300E33BD1 /* MyWidget.intentdefinition in Sources */ = {isa = PBXBuildFile; fileRef = AC924CB4274A6D7200E33BD1 /* MyWidget.intentdefinition */; };
		AC924CBD274A6D7300E33BD1 /* MyWidgetExtension.appex in Embed App Extensions */ = {isa = PBXBuildFile; fileRef = AC924CAC274A6D7200E33BD1 /* MyWidgetExtension.appex */; settings = {ATTRIBUTES = (RemoveHeadersOnCopy, ); }; };
		AC924CC3274A806300E33BD1 /* Avatar.swift in Sources */ = {isa = PBXBuildFile; fileRef = AC1D2CC02662016D00AA351A /* Avatar.swift */; };
		AC924CC4274A80CC00E33BD1 /* ImageLoader.swift in Sources */ = {isa = PBXBuildFile; fileRef = AC1D2CBF2662016D00AA351A /* ImageLoader.swift */; };
		AC94B09A274E0BC200199B35 /* PHAssetEX.swift in Sources */ = {isa = PBXBuildFile; fileRef = AC94B099274E0BC200199B35 /* PHAssetEX.swift */; };
		AC989203275E3D48007973F7 /* WebRTCViewController.swift in Sources */ = {isa = PBXBuildFile; fileRef = AC9891E4275E3D48007973F7 /* WebRTCViewController.swift */; };
		AC989204275E3D48007973F7 /* WebRTC.storyboard in Resources */ = {isa = PBXBuildFile; fileRef = AC9891E5275E3D48007973F7 /* WebRTC.storyboard */; };
		AC989205275E3D48007973F7 /* WebRTCDirectSignaling.storyboard in Resources */ = {isa = PBXBuildFile; fileRef = AC9891E7275E3D48007973F7 /* WebRTCDirectSignaling.storyboard */; };
		AC989206275E3D48007973F7 /* WebRTC copy.storyboard in Resources */ = {isa = PBXBuildFile; fileRef = AC9891E8275E3D48007973F7 /* WebRTC copy.storyboard */; };
		AC989208275E3D48007973F7 /* WebRTCDirectSignalingViewController.swift in Sources */ = {isa = PBXBuildFile; fileRef = AC9891EA275E3D48007973F7 /* WebRTCDirectSignalingViewController.swift */; };
		AC989209275E3D48007973F7 /* WebRTCViewControllerLocalSignaling.swift in Sources */ = {isa = PBXBuildFile; fileRef = AC9891EC275E3D48007973F7 /* WebRTCViewControllerLocalSignaling.swift */; };
		AC98920A275E3D48007973F7 /* WebRTCLocalSignaling.storyboard in Resources */ = {isa = PBXBuildFile; fileRef = AC9891ED275E3D48007973F7 /* WebRTCLocalSignaling.storyboard */; };
		AC98920B275E3D48007973F7 /* CallControlsModel.swift in Sources */ = {isa = PBXBuildFile; fileRef = AC9891EF275E3D48007973F7 /* CallControlsModel.swift */; };
		AC98920C275E3D48007973F7 /* CallParticipantsModel.swift in Sources */ = {isa = PBXBuildFile; fileRef = AC9891F1275E3D48007973F7 /* CallParticipantsModel.swift */; };
		AC98920D275E3D48007973F7 /* CallParticipantsViewModel.swift in Sources */ = {isa = PBXBuildFile; fileRef = AC9891F2275E3D48007973F7 /* CallParticipantsViewModel.swift */; };
		AC98920E275E3D48007973F7 /* CallParticipantsContentList.swift in Sources */ = {isa = PBXBuildFile; fileRef = AC9891F3275E3D48007973F7 /* CallParticipantsContentList.swift */; };
		AC98920F275E3D48007973F7 /* CallParticipantRow.swift in Sources */ = {isa = PBXBuildFile; fileRef = AC9891F4275E3D48007973F7 /* CallParticipantRow.swift */; };
		AC989210275E3D48007973F7 /* CallManager.swift in Sources */ = {isa = PBXBuildFile; fileRef = AC9891F6275E3D48007973F7 /* CallManager.swift */; };
		AC989211275E3D48007973F7 /* CallItem.swift in Sources */ = {isa = PBXBuildFile; fileRef = AC9891F7275E3D48007973F7 /* CallItem.swift */; };
		AC989212275E3D48007973F7 /* ProviderDelegate.swift in Sources */ = {isa = PBXBuildFile; fileRef = AC9891F8275E3D48007973F7 /* ProviderDelegate.swift */; };
		AC989213275E3D48007973F7 /* CallControlsContent.swift in Sources */ = {isa = PBXBuildFile; fileRef = AC9891F9275E3D48007973F7 /* CallControlsContent.swift */; };
		AC989214275E3D48007973F7 /* CallControlsViewModel.swift in Sources */ = {isa = PBXBuildFile; fileRef = AC9891FA275E3D48007973F7 /* CallControlsViewModel.swift */; };
		AC989215275E3D48007973F7 /* CallsHistoryContentList.swift in Sources */ = {isa = PBXBuildFile; fileRef = AC9891FC275E3D48007973F7 /* CallsHistoryContentList.swift */; };
		AC989216275E3D48007973F7 /* CallRow.swift in Sources */ = {isa = PBXBuildFile; fileRef = AC9891FD275E3D48007973F7 /* CallRow.swift */; };
		AC989217275E3D48007973F7 /* CallsHistoryModel.swift in Sources */ = {isa = PBXBuildFile; fileRef = AC9891FE275E3D48007973F7 /* CallsHistoryModel.swift */; };
		AC989218275E3D48007973F7 /* CallsHistoryViewModel.swift in Sources */ = {isa = PBXBuildFile; fileRef = AC9891FF275E3D48007973F7 /* CallsHistoryViewModel.swift */; };
		AC98921A275E3D48007973F7 /* GroupCallSelectionContentList.swift in Sources */ = {isa = PBXBuildFile; fileRef = AC989202275E3D48007973F7 /* GroupCallSelectionContentList.swift */; };
		AC98921B275E3F66007973F7 /* CallState.swift in Sources */ = {isa = PBXBuildFile; fileRef = ACE126C3269C43D40036B721 /* CallState.swift */; };
		AC98921E275E4341007973F7 /* RTCVideoReperesentable.swift in Sources */ = {isa = PBXBuildFile; fileRef = AC98921D275E4341007973F7 /* RTCVideoReperesentable.swift */; };
		ACA6DA79271ABB2200286563 /* ActivityViewControllerWrapper.swift in Sources */ = {isa = PBXBuildFile; fileRef = ACA6DA78271ABB2200286563 /* ActivityViewControllerWrapper.swift */; };
		ACA89499272678130014DDE9 /* TestAsyncRefactor.swift in Sources */ = {isa = PBXBuildFile; fileRef = ACA89498272678130014DDE9 /* TestAsyncRefactor.swift */; };
		ACAB96D227030F9A005FB9AA /* ShapeExtension.swift in Sources */ = {isa = PBXBuildFile; fileRef = ACAB96D127030F9A005FB9AA /* ShapeExtension.swift */; };
		ACAB96D427030FBE005FB9AA /* ViewExtension.swift in Sources */ = {isa = PBXBuildFile; fileRef = ACAB96D327030FBE005FB9AA /* ViewExtension.swift */; };
		ACADE27D275788EB00DD40B4 /* MessageType.swift in Sources */ = {isa = PBXBuildFile; fileRef = ACADE27C275788EB00DD40B4 /* MessageType.swift */; };
		ACADE27F2757AD7B00DD40B4 /* RecordAudioBackground.swift in Sources */ = {isa = PBXBuildFile; fileRef = ACADE27E2757AD7B00DD40B4 /* RecordAudioBackground.swift */; };
		ACC306AB2701DF960035CCB9 /* StartThreadContactPickerView.swift in Sources */ = {isa = PBXBuildFile; fileRef = ACC306AA2701DF8C0035CCB9 /* StartThreadContactPickerView.swift */; };
		ACC306AD2701DFED0035CCB9 /* StartThreadContactPickerViewModel.swift in Sources */ = {isa = PBXBuildFile; fileRef = ACC306AC2701DFED0035CCB9 /* StartThreadContactPickerViewModel.swift */; };
		ACC306AF2701E4B90035CCB9 /* StartThreadsModel.swift in Sources */ = {isa = PBXBuildFile; fileRef = ACC306AE2701E4B90035CCB9 /* StartThreadsModel.swift */; };
		ACC306B12701E6350035CCB9 /* StartThreadContactRow.swift in Sources */ = {isa = PBXBuildFile; fileRef = ACC306B02701E6350035CCB9 /* StartThreadContactRow.swift */; };
		ACC3C5EF26F4633900AEE578 /* HandshakeResponse.swift in Sources */ = {isa = PBXBuildFile; fileRef = ACC3C5EE26F4633800AEE578 /* HandshakeResponse.swift */; };
		ACC4C1932765C342008940CD /* ViewEX.swift in Sources */ = {isa = PBXBuildFile; fileRef = ACC4C1922765C342008940CD /* ViewEX.swift */; };
		ACD6840C26F8BA740093002C /* SettingViewModel.swift in Sources */ = {isa = PBXBuildFile; fileRef = ACD6840B26F8BA740093002C /* SettingViewModel.swift */; };
		ACD6840E26F8BAC20093002C /* SettingModel.swift in Sources */ = {isa = PBXBuildFile; fileRef = ACD6840D26F8BAC20093002C /* SettingModel.swift */; };
		ACEAEDD5274CF87600EC8252 /* ActionSheetViewModel.swift in Sources */ = {isa = PBXBuildFile; fileRef = ACEAEDD4274CF87600EC8252 /* ActionSheetViewModel.swift */; };
		ACEAEDD7274CFA1100EC8252 /* AttachmentDialog.swift in Sources */ = {isa = PBXBuildFile; fileRef = ACEAEDD6274CFA1100EC8252 /* AttachmentDialog.swift */; };
		ACF82E0F275230C3000330DB /* UploadFileMessage.swift in Sources */ = {isa = PBXBuildFile; fileRef = ACF82E0E275230C3000330DB /* UploadFileMessage.swift */; };
		ACFADE7E27674DDF007C555F /* CustomNavigationBar.swift in Sources */ = {isa = PBXBuildFile; fileRef = ACFADE7D27674DDF007C555F /* CustomNavigationBar.swift */; };
		ACFADE8027675BB6007C555F /* PrimaryButtonStyle.swift in Sources */ = {isa = PBXBuildFile; fileRef = ACFADE7F27675BB6007C555F /* PrimaryButtonStyle.swift */; };
		ACFADE8227675C29007C555F /* PrimaryTextField.swift in Sources */ = {isa = PBXBuildFile; fileRef = ACFADE8127675C29007C555F /* PrimaryTextField.swift */; };
		ACFADE8427675DA5007C555F /* DeepButtonStyle.swift in Sources */ = {isa = PBXBuildFile; fileRef = ACFADE8327675DA5007C555F /* DeepButtonStyle.swift */; };
		ACFBF1B926FCA51300DD27AE /* AddOrEditContactView.swift in Sources */ = {isa = PBXBuildFile; fileRef = ACFBF1B826FCA51300DD27AE /* AddOrEditContactView.swift */; };
/* End PBXBuildFile section */

/* Begin PBXContainerItemProxy section */
		AC924CBA274A6D7300E33BD1 /* PBXContainerItemProxy */ = {
			isa = PBXContainerItemProxy;
			containerPortal = AC1D2C9C2661FFAC00AA351A /* Project object */;
			proxyType = 1;
			remoteGlobalIDString = AC924CAB274A6D7200E33BD1;
			remoteInfo = MyWidgetExtension;
		};
/* End PBXContainerItemProxy section */

/* Begin PBXCopyFilesBuildPhase section */
		AC924CBC274A6D7300E33BD1 /* Embed App Extensions */ = {
			isa = PBXCopyFilesBuildPhase;
			buildActionMask = 2147483647;
			dstPath = "";
			dstSubfolderSpec = 13;
			files = (
				AC924CBD274A6D7300E33BD1 /* MyWidgetExtension.appex in Embed App Extensions */,
			);
			name = "Embed App Extensions";
			runOnlyForDeploymentPostprocessing = 0;
		};
/* End PBXCopyFilesBuildPhase section */

/* Begin PBXFileReference section */
		0703C3D3AE7BBA360A74A78B /* Pods_MyWidgetExtension.framework */ = {isa = PBXFileReference; explicitFileType = wrapper.framework; includeInIndex = 0; path = Pods_MyWidgetExtension.framework; sourceTree = BUILT_PRODUCTS_DIR; };
		4456B7A264ACE718F903CCD4 /* Pods-ChatApplication.release.xcconfig */ = {isa = PBXFileReference; includeInIndex = 1; lastKnownFileType = text.xcconfig; name = "Pods-ChatApplication.release.xcconfig"; path = "Target Support Files/Pods-ChatApplication/Pods-ChatApplication.release.xcconfig"; sourceTree = "<group>"; };
		4F7DD945EEAC5CFDE0C688FC /* Pods_ChatApplication.framework */ = {isa = PBXFileReference; explicitFileType = wrapper.framework; includeInIndex = 0; path = Pods_ChatApplication.framework; sourceTree = BUILT_PRODUCTS_DIR; };
		8CA2F73799200C2D894FB00A /* Pods-MyWidgetExtension.debug.xcconfig */ = {isa = PBXFileReference; includeInIndex = 1; lastKnownFileType = text.xcconfig; name = "Pods-MyWidgetExtension.debug.xcconfig"; path = "Target Support Files/Pods-MyWidgetExtension/Pods-MyWidgetExtension.debug.xcconfig"; sourceTree = "<group>"; };
		9A615D99777E0D11597A95AC /* Pods-ChatApplication.debug.xcconfig */ = {isa = PBXFileReference; includeInIndex = 1; lastKnownFileType = text.xcconfig; name = "Pods-ChatApplication.debug.xcconfig"; path = "Target Support Files/Pods-ChatApplication/Pods-ChatApplication.debug.xcconfig"; sourceTree = "<group>"; };
		AB5AF3771F0B0A7B17247142 /* Pods-MyWidgetExtension.release.xcconfig */ = {isa = PBXFileReference; includeInIndex = 1; lastKnownFileType = text.xcconfig; name = "Pods-MyWidgetExtension.release.xcconfig"; path = "Target Support Files/Pods-MyWidgetExtension/Pods-MyWidgetExtension.release.xcconfig"; sourceTree = "<group>"; };
		AC00883A271D65B000376BBB /* Ringtone.aif */ = {isa = PBXFileReference; lastKnownFileType = file; path = Ringtone.aif; sourceTree = "<group>"; };
		AC008F3B268C4FA500B008FF /* HomeContentView.swift */ = {isa = PBXFileReference; lastKnownFileType = sourcecode.swift; path = HomeContentView.swift; sourceTree = "<group>"; };
		AC0435FA26998D0C00B1C87B /* ParticipantsViewModel.swift */ = {isa = PBXFileReference; lastKnownFileType = sourcecode.swift; path = ParticipantsViewModel.swift; sourceTree = "<group>"; };
		AC0435FB26998D2200B1C87B /* ParticipantsModel.swift */ = {isa = PBXFileReference; lastKnownFileType = sourcecode.swift; path = ParticipantsModel.swift; sourceTree = "<group>"; };
		AC0435FE26998D4400B1C87B /* ParticipantRow.swift */ = {isa = PBXFileReference; lastKnownFileType = sourcecode.swift; path = ParticipantRow.swift; sourceTree = "<group>"; };
		AC04360026998D5F00B1C87B /* ParticipantsContentList.swift */ = {isa = PBXFileReference; lastKnownFileType = sourcecode.swift; path = ParticipantsContentList.swift; sourceTree = "<group>"; };
		AC085F3A2692EA8A001492B2 /* Config.json */ = {isa = PBXFileReference; lastKnownFileType = text.json; path = Config.json; sourceTree = "<group>"; };
		AC085F3D2692EC71001492B2 /* Config.swift */ = {isa = PBXFileReference; lastKnownFileType = sourcecode.swift; path = Config.swift; sourceTree = "<group>"; };
		AC0889A92691C32F00FD4552 /* TestSwiftUI.swift */ = {isa = PBXFileReference; lastKnownFileType = sourcecode.swift; path = TestSwiftUI.swift; sourceTree = "<group>"; };
		AC0889AB2691D47E00FD4552 /* AppState.swift */ = {isa = PBXFileReference; lastKnownFileType = sourcecode.swift; path = AppState.swift; sourceTree = "<group>"; };
		AC0889AF2691E14500FD4552 /* CustomHostinViewController.swift */ = {isa = PBXFileReference; lastKnownFileType = sourcecode.swift; path = CustomHostinViewController.swift; sourceTree = "<group>"; };
		AC0B1D642690721000C6917A /* LogCell.swift */ = {isa = PBXFileReference; lastKnownFileType = sourcecode.swift; path = LogCell.swift; sourceTree = "<group>"; };
		AC0B1D662690723B00C6917A /* ResultViewController.swift */ = {isa = PBXFileReference; lastKnownFileType = sourcecode.swift; path = ResultViewController.swift; sourceTree = "<group>"; };
		AC0B1D682690726100C6917A /* Result.storyboard */ = {isa = PBXFileReference; lastKnownFileType = file.storyboard; path = Result.storyboard; sourceTree = "<group>"; };
		AC0FE1362755047A00C7A8DB /* IntEX.swift */ = {isa = PBXFileReference; lastKnownFileType = sourcecode.swift; path = IntEX.swift; sourceTree = "<group>"; };
		AC10007026F4655E00C3AD67 /* AuthorizeResponse.swift */ = {isa = PBXFileReference; lastKnownFileType = sourcecode.swift; path = AuthorizeResponse.swift; sourceTree = "<group>"; };
		AC10007226F4674500C3AD67 /* SSOTokenResponse.swift */ = {isa = PBXFileReference; lastKnownFileType = sourcecode.swift; path = SSOTokenResponse.swift; sourceTree = "<group>"; };
		AC10007426F4698B00C3AD67 /* HandshakeRequest.swift */ = {isa = PBXFileReference; lastKnownFileType = sourcecode.swift; path = HandshakeRequest.swift; sourceTree = "<group>"; };
		AC10007826F46B4100C3AD67 /* LoginView.swift */ = {isa = PBXFileReference; lastKnownFileType = sourcecode.swift; path = LoginView.swift; sourceTree = "<group>"; };
		AC10007A26F46EC900C3AD67 /* LoginViewModel.swift */ = {isa = PBXFileReference; lastKnownFileType = sourcecode.swift; path = LoginViewModel.swift; sourceTree = "<group>"; };
		AC122EC1266B82A000C0630F /* ThreadContentList.swift */ = {isa = PBXFileReference; lastKnownFileType = sourcecode.swift; path = ThreadContentList.swift; sourceTree = "<group>"; };
		AC122EC3266B83A800C0630F /* SettingsView.swift */ = {isa = PBXFileReference; lastKnownFileType = sourcecode.swift; path = SettingsView.swift; sourceTree = "<group>"; };
		AC122EC7266BA17C00C0630F /* PullToRefresh.swift */ = {isa = PBXFileReference; lastKnownFileType = sourcecode.swift; path = PullToRefresh.swift; sourceTree = "<group>"; };
		AC1D2CA42661FFAC00AA351A /* ChatApplication.app */ = {isa = PBXFileReference; explicitFileType = wrapper.application; includeInIndex = 0; path = ChatApplication.app; sourceTree = BUILT_PRODUCTS_DIR; };
		AC1D2CAD2661FFAD00AA351A /* Assets.xcassets */ = {isa = PBXFileReference; lastKnownFileType = folder.assetcatalog; path = Assets.xcassets; sourceTree = "<group>"; };
		AC1D2CB02661FFAD00AA351A /* Preview Assets.xcassets */ = {isa = PBXFileReference; lastKnownFileType = folder.assetcatalog; path = "Preview Assets.xcassets"; sourceTree = "<group>"; };
		AC1D2CB32661FFAD00AA351A /* Base */ = {isa = PBXFileReference; lastKnownFileType = file.storyboard; name = Base; path = Base.lproj/LaunchScreen.storyboard; sourceTree = "<group>"; };
		AC1D2CB52661FFAD00AA351A /* Info.plist */ = {isa = PBXFileReference; lastKnownFileType = text.plist.xml; path = Info.plist; sourceTree = "<group>"; };
		AC1D2CBF2662016D00AA351A /* ImageLoader.swift */ = {isa = PBXFileReference; fileEncoding = 4; lastKnownFileType = sourcecode.swift; path = ImageLoader.swift; sourceTree = "<group>"; };
		AC1D2CC02662016D00AA351A /* Avatar.swift */ = {isa = PBXFileReference; fileEncoding = 4; lastKnownFileType = sourcecode.swift; path = Avatar.swift; sourceTree = "<group>"; };
		AC1D2CC12662016D00AA351A /* LoadingView.swift */ = {isa = PBXFileReference; fileEncoding = 4; lastKnownFileType = sourcecode.swift; path = LoadingView.swift; sourceTree = "<group>"; };
		AC1D2CC22662016D00AA351A /* SceneDelegate.swift */ = {isa = PBXFileReference; fileEncoding = 4; lastKnownFileType = sourcecode.swift; path = SceneDelegate.swift; sourceTree = "<group>"; };
		AC1D2CC42662016D00AA351A /* ThreadsModel.swift */ = {isa = PBXFileReference; fileEncoding = 4; lastKnownFileType = sourcecode.swift; path = ThreadsModel.swift; sourceTree = "<group>"; };
		AC1D2CC52662016D00AA351A /* ThreadsViewModel.swift */ = {isa = PBXFileReference; fileEncoding = 4; lastKnownFileType = sourcecode.swift; path = ThreadsViewModel.swift; sourceTree = "<group>"; };
		AC1D2CC72662016D00AA351A /* ThreadRow.swift */ = {isa = PBXFileReference; fileEncoding = 4; lastKnownFileType = sourcecode.swift; path = ThreadRow.swift; sourceTree = "<group>"; };
		AC1D2CC82662016D00AA351A /* AppDelegate.swift */ = {isa = PBXFileReference; fileEncoding = 4; lastKnownFileType = sourcecode.swift; path = AppDelegate.swift; sourceTree = "<group>"; };
		AC1D2CC92662016E00AA351A /* ChatDelegateImplementation.swift */ = {isa = PBXFileReference; fileEncoding = 4; lastKnownFileType = sourcecode.swift; path = ChatDelegateImplementation.swift; sourceTree = "<group>"; };
		AC20FBA3266CC4B500187B47 /* DateEX.swift */ = {isa = PBXFileReference; lastKnownFileType = sourcecode.swift; path = DateEX.swift; sourceTree = "<group>"; };
		AC21DA3F273BF7D700DC86E6 /* StringEX.swift */ = {isa = PBXFileReference; lastKnownFileType = sourcecode.swift; path = StringEX.swift; sourceTree = "<group>"; };
		AC23695527439478008195D7 /* SearchContactRow.swift */ = {isa = PBXFileReference; lastKnownFileType = sourcecode.swift; path = SearchContactRow.swift; sourceTree = "<group>"; };
		AC2D31C126EF75BB008FF43F /* webrtc_user_a.mp4 */ = {isa = PBXFileReference; lastKnownFileType = file; path = webrtc_user_a.mp4; sourceTree = "<group>"; };
		AC2D31C226EF75BC008FF43F /* webrtc_user_b.mp4 */ = {isa = PBXFileReference; lastKnownFileType = file; path = webrtc_user_b.mp4; sourceTree = "<group>"; };
		AC2E4746274B58880073E8E4 /* UserDefaultsEX.swift */ = {isa = PBXFileReference; lastKnownFileType = sourcecode.swift; path = UserDefaultsEX.swift; sourceTree = "<group>"; };
		AC2E4749274B6FB40073E8E4 /* AppGroup.swift */ = {isa = PBXFileReference; lastKnownFileType = sourcecode.swift; path = AppGroup.swift; sourceTree = "<group>"; };
		AC3AB625274292F3006C3F85 /* ThreadDetailView.swift */ = {isa = PBXFileReference; fileEncoding = 4; lastKnownFileType = sourcecode.swift; path = ThreadDetailView.swift; sourceTree = "<group>"; };
		AC48ED5D26F6F6AD00AB1A5D /* Routes.swift */ = {isa = PBXFileReference; lastKnownFileType = sourcecode.swift; path = Routes.swift; sourceTree = "<group>"; };
		AC48ED5F26F6F9E300AB1A5D /* RestClient.swift */ = {isa = PBXFileReference; lastKnownFileType = sourcecode.swift; path = RestClient.swift; sourceTree = "<group>"; };
		AC48ED6226F7051F00AB1A5D /* AuthorizeRequest.swift */ = {isa = PBXFileReference; lastKnownFileType = sourcecode.swift; path = AuthorizeRequest.swift; sourceTree = "<group>"; };
		AC48ED6426F7299F00AB1A5D /* VerifyRequest.swift */ = {isa = PBXFileReference; lastKnownFileType = sourcecode.swift; path = VerifyRequest.swift; sourceTree = "<group>"; };
		AC5326192751F1DA003685E3 /* UploadFileView.swift */ = {isa = PBXFileReference; lastKnownFileType = sourcecode.swift; path = UploadFileView.swift; sourceTree = "<group>"; };
		AC53261B2751F227003685E3 /* CircularProgressView.swift */ = {isa = PBXFileReference; lastKnownFileType = sourcecode.swift; path = CircularProgressView.swift; sourceTree = "<group>"; };
		AC5411E3275631A90018C78D /* ColorEx.swift */ = {isa = PBXFileReference; lastKnownFileType = sourcecode.swift; path = ColorEx.swift; sourceTree = "<group>"; };
		AC5411E527563A440018C78D /* UIImageEX.swift */ = {isa = PBXFileReference; lastKnownFileType = sourcecode.swift; path = UIImageEX.swift; sourceTree = "<group>"; };
		AC56469F27006DF600DE9805 /* UINavigationontroller.swift */ = {isa = PBXFileReference; lastKnownFileType = sourcecode.swift; path = UINavigationontroller.swift; sourceTree = "<group>"; };
		AC5E388826F5B3D70016EFAA /* ListModifier.swift */ = {isa = PBXFileReference; lastKnownFileType = sourcecode.swift; path = ListModifier.swift; sourceTree = "<group>"; };
		AC6291962750A91800190975 /* DocumentPicker.swift */ = {isa = PBXFileReference; lastKnownFileType = sourcecode.swift; path = DocumentPicker.swift; sourceTree = "<group>"; };
		AC6291982750E29600190975 /* UrlEX.swift */ = {isa = PBXFileReference; lastKnownFileType = sourcecode.swift; path = UrlEX.swift; sourceTree = "<group>"; };
		AC62919A2750EC2200190975 /* DownloadFileView.swift */ = {isa = PBXFileReference; lastKnownFileType = sourcecode.swift; path = DownloadFileView.swift; sourceTree = "<group>"; };
		AC6D39E8270F1BEC004E1793 /* MultilineTextField.swift */ = {isa = PBXFileReference; lastKnownFileType = sourcecode.swift; path = MultilineTextField.swift; sourceTree = "<group>"; };
		AC6D531F26F1ADA500CBC059 /* ThreadView.swift */ = {isa = PBXFileReference; lastKnownFileType = sourcecode.swift; path = ThreadView.swift; sourceTree = "<group>"; };
		AC6D532126F1ADF000CBC059 /* ThreadViewModel.swift */ = {isa = PBXFileReference; lastKnownFileType = sourcecode.swift; path = ThreadViewModel.swift; sourceTree = "<group>"; };
		AC6D532326F1AE8C00CBC059 /* MessageRow.swift */ = {isa = PBXFileReference; lastKnownFileType = sourcecode.swift; path = MessageRow.swift; sourceTree = "<group>"; };
		AC6D532526F1AF4400CBC059 /* ThreadModel.swift */ = {isa = PBXFileReference; lastKnownFileType = sourcecode.swift; path = ThreadModel.swift; sourceTree = "<group>"; };
		AC7B6D74266DE7820059782E /* LoadingViewAtBottomOfView.swift */ = {isa = PBXFileReference; lastKnownFileType = sourcecode.swift; path = LoadingViewAtBottomOfView.swift; sourceTree = "<group>"; };
		AC826E3526F47A1F00551578 /* LoginModel.swift */ = {isa = PBXFileReference; lastKnownFileType = sourcecode.swift; path = LoginModel.swift; sourceTree = "<group>"; };
		AC90B25426FB838D00477E03 /* PageWithNavigationBarView.swift */ = {isa = PBXFileReference; lastKnownFileType = sourcecode.swift; path = PageWithNavigationBarView.swift; sourceTree = "<group>"; };
		AC91591C2718390D00437517 /* FileManagerExtension.swift */ = {isa = PBXFileReference; lastKnownFileType = sourcecode.swift; path = FileManagerExtension.swift; sourceTree = "<group>"; };
		AC924CA6274A3D1500E33BD1 /* LoadingViewAtCenterOfView.swift */ = {isa = PBXFileReference; lastKnownFileType = sourcecode.swift; path = LoadingViewAtCenterOfView.swift; sourceTree = "<group>"; };
		AC924CAC274A6D7200E33BD1 /* MyWidgetExtension.appex */ = {isa = PBXFileReference; explicitFileType = "wrapper.app-extension"; includeInIndex = 0; path = MyWidgetExtension.appex; sourceTree = BUILT_PRODUCTS_DIR; };
		AC924CAD274A6D7200E33BD1 /* WidgetKit.framework */ = {isa = PBXFileReference; lastKnownFileType = wrapper.framework; name = WidgetKit.framework; path = System/Library/Frameworks/WidgetKit.framework; sourceTree = SDKROOT; };
		AC924CAF274A6D7200E33BD1 /* SwiftUI.framework */ = {isa = PBXFileReference; lastKnownFileType = wrapper.framework; name = SwiftUI.framework; path = System/Library/Frameworks/SwiftUI.framework; sourceTree = SDKROOT; };
		AC924CB2274A6D7200E33BD1 /* MyWidget.swift */ = {isa = PBXFileReference; lastKnownFileType = sourcecode.swift; path = MyWidget.swift; sourceTree = "<group>"; };
		AC924CB4274A6D7200E33BD1 /* MyWidget.intentdefinition */ = {isa = PBXFileReference; lastKnownFileType = file.intentdefinition; path = MyWidget.intentdefinition; sourceTree = "<group>"; };
		AC924CB5274A6D7300E33BD1 /* Assets.xcassets */ = {isa = PBXFileReference; lastKnownFileType = folder.assetcatalog; path = Assets.xcassets; sourceTree = "<group>"; };
		AC924CB7274A6D7300E33BD1 /* Info.plist */ = {isa = PBXFileReference; lastKnownFileType = text.plist.xml; path = Info.plist; sourceTree = "<group>"; };
		AC924CC1274A774D00E33BD1 /* MyWidgetExtension.entitlements */ = {isa = PBXFileReference; lastKnownFileType = text.plist.entitlements; path = MyWidgetExtension.entitlements; sourceTree = "<group>"; };
		AC924CC2274A77BC00E33BD1 /* ChatApplication.entitlements */ = {isa = PBXFileReference; lastKnownFileType = text.plist.entitlements; path = ChatApplication.entitlements; sourceTree = "<group>"; };
		AC94B099274E0BC200199B35 /* PHAssetEX.swift */ = {isa = PBXFileReference; lastKnownFileType = sourcecode.swift; path = PHAssetEX.swift; sourceTree = "<group>"; };
		AC9891E4275E3D48007973F7 /* WebRTCViewController.swift */ = {isa = PBXFileReference; fileEncoding = 4; lastKnownFileType = sourcecode.swift; path = WebRTCViewController.swift; sourceTree = "<group>"; };
		AC9891E5275E3D48007973F7 /* WebRTC.storyboard */ = {isa = PBXFileReference; fileEncoding = 4; lastKnownFileType = file.storyboard; path = WebRTC.storyboard; sourceTree = "<group>"; };
		AC9891E7275E3D48007973F7 /* WebRTCDirectSignaling.storyboard */ = {isa = PBXFileReference; fileEncoding = 4; lastKnownFileType = file.storyboard; path = WebRTCDirectSignaling.storyboard; sourceTree = "<group>"; };
		AC9891E8275E3D48007973F7 /* WebRTC copy.storyboard */ = {isa = PBXFileReference; fileEncoding = 4; lastKnownFileType = file.storyboard; path = "WebRTC copy.storyboard"; sourceTree = "<group>"; };
		AC9891EA275E3D48007973F7 /* WebRTCDirectSignalingViewController.swift */ = {isa = PBXFileReference; fileEncoding = 4; lastKnownFileType = sourcecode.swift; path = WebRTCDirectSignalingViewController.swift; sourceTree = "<group>"; };
		AC9891EC275E3D48007973F7 /* WebRTCViewControllerLocalSignaling.swift */ = {isa = PBXFileReference; fileEncoding = 4; lastKnownFileType = sourcecode.swift; path = WebRTCViewControllerLocalSignaling.swift; sourceTree = "<group>"; };
		AC9891ED275E3D48007973F7 /* WebRTCLocalSignaling.storyboard */ = {isa = PBXFileReference; fileEncoding = 4; lastKnownFileType = file.storyboard; path = WebRTCLocalSignaling.storyboard; sourceTree = "<group>"; };
		AC9891EF275E3D48007973F7 /* CallControlsModel.swift */ = {isa = PBXFileReference; fileEncoding = 4; lastKnownFileType = sourcecode.swift; path = CallControlsModel.swift; sourceTree = "<group>"; };
		AC9891F1275E3D48007973F7 /* CallParticipantsModel.swift */ = {isa = PBXFileReference; fileEncoding = 4; lastKnownFileType = sourcecode.swift; path = CallParticipantsModel.swift; sourceTree = "<group>"; };
		AC9891F2275E3D48007973F7 /* CallParticipantsViewModel.swift */ = {isa = PBXFileReference; fileEncoding = 4; lastKnownFileType = sourcecode.swift; path = CallParticipantsViewModel.swift; sourceTree = "<group>"; };
		AC9891F3275E3D48007973F7 /* CallParticipantsContentList.swift */ = {isa = PBXFileReference; fileEncoding = 4; lastKnownFileType = sourcecode.swift; path = CallParticipantsContentList.swift; sourceTree = "<group>"; };
		AC9891F4275E3D48007973F7 /* CallParticipantRow.swift */ = {isa = PBXFileReference; fileEncoding = 4; lastKnownFileType = sourcecode.swift; path = CallParticipantRow.swift; sourceTree = "<group>"; };
		AC9891F6275E3D48007973F7 /* CallManager.swift */ = {isa = PBXFileReference; fileEncoding = 4; lastKnownFileType = sourcecode.swift; path = CallManager.swift; sourceTree = "<group>"; };
		AC9891F7275E3D48007973F7 /* CallItem.swift */ = {isa = PBXFileReference; fileEncoding = 4; lastKnownFileType = sourcecode.swift; path = CallItem.swift; sourceTree = "<group>"; };
		AC9891F8275E3D48007973F7 /* ProviderDelegate.swift */ = {isa = PBXFileReference; fileEncoding = 4; lastKnownFileType = sourcecode.swift; path = ProviderDelegate.swift; sourceTree = "<group>"; };
		AC9891F9275E3D48007973F7 /* CallControlsContent.swift */ = {isa = PBXFileReference; fileEncoding = 4; lastKnownFileType = sourcecode.swift; path = CallControlsContent.swift; sourceTree = "<group>"; };
		AC9891FA275E3D48007973F7 /* CallControlsViewModel.swift */ = {isa = PBXFileReference; fileEncoding = 4; lastKnownFileType = sourcecode.swift; path = CallControlsViewModel.swift; sourceTree = "<group>"; };
		AC9891FC275E3D48007973F7 /* CallsHistoryContentList.swift */ = {isa = PBXFileReference; fileEncoding = 4; lastKnownFileType = sourcecode.swift; path = CallsHistoryContentList.swift; sourceTree = "<group>"; };
		AC9891FD275E3D48007973F7 /* CallRow.swift */ = {isa = PBXFileReference; fileEncoding = 4; lastKnownFileType = sourcecode.swift; path = CallRow.swift; sourceTree = "<group>"; };
		AC9891FE275E3D48007973F7 /* CallsHistoryModel.swift */ = {isa = PBXFileReference; fileEncoding = 4; lastKnownFileType = sourcecode.swift; path = CallsHistoryModel.swift; sourceTree = "<group>"; };
		AC9891FF275E3D48007973F7 /* CallsHistoryViewModel.swift */ = {isa = PBXFileReference; fileEncoding = 4; lastKnownFileType = sourcecode.swift; path = CallsHistoryViewModel.swift; sourceTree = "<group>"; };
		AC989202275E3D48007973F7 /* GroupCallSelectionContentList.swift */ = {isa = PBXFileReference; fileEncoding = 4; lastKnownFileType = sourcecode.swift; path = GroupCallSelectionContentList.swift; sourceTree = "<group>"; };
		AC98921D275E4341007973F7 /* RTCVideoReperesentable.swift */ = {isa = PBXFileReference; lastKnownFileType = sourcecode.swift; path = RTCVideoReperesentable.swift; sourceTree = "<group>"; };
		AC9BBFF0271AE82900AA2532 /* CallManager.swift */ = {isa = PBXFileReference; lastKnownFileType = sourcecode.swift; path = CallManager.swift; sourceTree = "<group>"; };
		AC9BBFF2271AEAA900AA2532 /* CallItem.swift */ = {isa = PBXFileReference; lastKnownFileType = sourcecode.swift; path = CallItem.swift; sourceTree = "<group>"; };
		AC9DAC6C266CAD63009E4722 /* ContactsModel.swift */ = {isa = PBXFileReference; lastKnownFileType = sourcecode.swift; path = ContactsModel.swift; sourceTree = "<group>"; };
		AC9DAC6D266CAD63009E4722 /* ContactsViewModel.swift */ = {isa = PBXFileReference; lastKnownFileType = sourcecode.swift; path = ContactsViewModel.swift; sourceTree = "<group>"; };
		AC9DAC6E266CAD63009E4722 /* ContactRow.swift */ = {isa = PBXFileReference; lastKnownFileType = sourcecode.swift; path = ContactRow.swift; sourceTree = "<group>"; };
		AC9DAC6F266CAD63009E4722 /* ContactContentList.swift */ = {isa = PBXFileReference; lastKnownFileType = sourcecode.swift; path = ContactContentList.swift; sourceTree = "<group>"; };
		ACA6DA78271ABB2200286563 /* ActivityViewControllerWrapper.swift */ = {isa = PBXFileReference; lastKnownFileType = sourcecode.swift; path = ActivityViewControllerWrapper.swift; sourceTree = "<group>"; };
		ACA6DA7B271ABDC100286563 /* ProviderDelegate.swift */ = {isa = PBXFileReference; lastKnownFileType = sourcecode.swift; path = ProviderDelegate.swift; sourceTree = "<group>"; };
		ACA89498272678130014DDE9 /* TestAsyncRefactor.swift */ = {isa = PBXFileReference; lastKnownFileType = sourcecode.swift; path = TestAsyncRefactor.swift; sourceTree = "<group>"; };
		ACAB96D127030F9A005FB9AA /* ShapeExtension.swift */ = {isa = PBXFileReference; lastKnownFileType = sourcecode.swift; path = ShapeExtension.swift; sourceTree = "<group>"; };
		ACAB96D327030FBE005FB9AA /* ViewExtension.swift */ = {isa = PBXFileReference; lastKnownFileType = sourcecode.swift; path = ViewExtension.swift; sourceTree = "<group>"; };
		ACADE27C275788EB00DD40B4 /* MessageType.swift */ = {isa = PBXFileReference; lastKnownFileType = sourcecode.swift; path = MessageType.swift; sourceTree = "<group>"; };
		ACADE27E2757AD7B00DD40B4 /* RecordAudioBackground.swift */ = {isa = PBXFileReference; lastKnownFileType = sourcecode.swift; path = RecordAudioBackground.swift; sourceTree = "<group>"; };
		ACC306AA2701DF8C0035CCB9 /* StartThreadContactPickerView.swift */ = {isa = PBXFileReference; lastKnownFileType = sourcecode.swift; path = StartThreadContactPickerView.swift; sourceTree = "<group>"; };
		ACC306AC2701DFED0035CCB9 /* StartThreadContactPickerViewModel.swift */ = {isa = PBXFileReference; lastKnownFileType = sourcecode.swift; path = StartThreadContactPickerViewModel.swift; sourceTree = "<group>"; };
		ACC306AE2701E4B90035CCB9 /* StartThreadsModel.swift */ = {isa = PBXFileReference; lastKnownFileType = sourcecode.swift; path = StartThreadsModel.swift; sourceTree = "<group>"; };
		ACC306B02701E6350035CCB9 /* StartThreadContactRow.swift */ = {isa = PBXFileReference; lastKnownFileType = sourcecode.swift; path = StartThreadContactRow.swift; sourceTree = "<group>"; };
		ACC3C5EE26F4633800AEE578 /* HandshakeResponse.swift */ = {isa = PBXFileReference; lastKnownFileType = sourcecode.swift; path = HandshakeResponse.swift; sourceTree = "<group>"; };
		ACC4C1922765C342008940CD /* ViewEX.swift */ = {isa = PBXFileReference; lastKnownFileType = sourcecode.swift; path = ViewEX.swift; sourceTree = "<group>"; };
		ACD6840B26F8BA740093002C /* SettingViewModel.swift */ = {isa = PBXFileReference; lastKnownFileType = sourcecode.swift; path = SettingViewModel.swift; sourceTree = "<group>"; };
		ACD6840D26F8BAC20093002C /* SettingModel.swift */ = {isa = PBXFileReference; lastKnownFileType = sourcecode.swift; path = SettingModel.swift; sourceTree = "<group>"; };
		ACE126C3269C43D40036B721 /* CallState.swift */ = {isa = PBXFileReference; lastKnownFileType = sourcecode.swift; path = CallState.swift; sourceTree = "<group>"; };
		ACE126C7269C500A0036B721 /* CallParticipantRow.swift */ = {isa = PBXFileReference; lastKnownFileType = sourcecode.swift; path = CallParticipantRow.swift; sourceTree = "<group>"; };
		ACE8B7932740F72900C4444B /* ThreadDetailView.swift */ = {isa = PBXFileReference; lastKnownFileType = sourcecode.swift; path = ThreadDetailView.swift; sourceTree = "<group>"; };
		ACEAEDD4274CF87600EC8252 /* ActionSheetViewModel.swift */ = {isa = PBXFileReference; lastKnownFileType = sourcecode.swift; path = ActionSheetViewModel.swift; sourceTree = "<group>"; };
		ACEAEDD6274CFA1100EC8252 /* AttachmentDialog.swift */ = {isa = PBXFileReference; lastKnownFileType = sourcecode.swift; path = AttachmentDialog.swift; sourceTree = "<group>"; };
		ACF82E0E275230C3000330DB /* UploadFileMessage.swift */ = {isa = PBXFileReference; lastKnownFileType = sourcecode.swift; path = UploadFileMessage.swift; sourceTree = "<group>"; };
		ACFADE7D27674DDF007C555F /* CustomNavigationBar.swift */ = {isa = PBXFileReference; lastKnownFileType = sourcecode.swift; path = CustomNavigationBar.swift; sourceTree = "<group>"; };
		ACFADE7F27675BB6007C555F /* PrimaryButtonStyle.swift */ = {isa = PBXFileReference; lastKnownFileType = sourcecode.swift; path = PrimaryButtonStyle.swift; sourceTree = "<group>"; };
		ACFADE8127675C29007C555F /* PrimaryTextField.swift */ = {isa = PBXFileReference; lastKnownFileType = sourcecode.swift; path = PrimaryTextField.swift; sourceTree = "<group>"; };
		ACFADE8327675DA5007C555F /* DeepButtonStyle.swift */ = {isa = PBXFileReference; lastKnownFileType = sourcecode.swift; path = DeepButtonStyle.swift; sourceTree = "<group>"; };
		ACFBF1B826FCA51300DD27AE /* AddOrEditContactView.swift */ = {isa = PBXFileReference; lastKnownFileType = sourcecode.swift; path = AddOrEditContactView.swift; sourceTree = "<group>"; };
/* End PBXFileReference section */

/* Begin PBXFrameworksBuildPhase section */
		AC1D2CA12661FFAC00AA351A /* Frameworks */ = {
			isa = PBXFrameworksBuildPhase;
			buildActionMask = 2147483647;
			files = (
				0BA2FE3B1809DB20412FD55E /* Pods_ChatApplication.framework in Frameworks */,
			);
			runOnlyForDeploymentPostprocessing = 0;
		};
		AC924CA9274A6D7200E33BD1 /* Frameworks */ = {
			isa = PBXFrameworksBuildPhase;
			buildActionMask = 2147483647;
			files = (
				AC924CB0274A6D7200E33BD1 /* SwiftUI.framework in Frameworks */,
				AC924CAE274A6D7200E33BD1 /* WidgetKit.framework in Frameworks */,
				14A8489843E49721698AB9DD /* Pods_MyWidgetExtension.framework in Frameworks */,
			);
			runOnlyForDeploymentPostprocessing = 0;
		};
/* End PBXFrameworksBuildPhase section */

/* Begin PBXGroup section */
		AC0435F926998CF300B1C87B /* Participants */ = {
			isa = PBXGroup;
			children = (
				AC0435FA26998D0C00B1C87B /* ParticipantsViewModel.swift */,
				AC0435FB26998D2200B1C87B /* ParticipantsModel.swift */,
				AC0435FE26998D4400B1C87B /* ParticipantRow.swift */,
				AC04360026998D5F00B1C87B /* ParticipantsContentList.swift */,
			);
			path = Participants;
			sourceTree = "<group>";
		};
		AC085F3C2692EC2E001492B2 /* Supporting Files */ = {
			isa = PBXGroup;
			children = (
				AC0889AB2691D47E00FD4552 /* AppState.swift */,
				ACE126C3269C43D40036B721 /* CallState.swift */,
				AC00883A271D65B000376BBB /* Ringtone.aif */,
				AC2D31C126EF75BB008FF43F /* webrtc_user_a.mp4 */,
				AC2D31C226EF75BC008FF43F /* webrtc_user_b.mp4 */,
				AC1D2CC82662016D00AA351A /* AppDelegate.swift */,
				AC085F3A2692EA8A001492B2 /* Config.json */,
				AC1D2CAD2661FFAD00AA351A /* Assets.xcassets */,
				AC1D2CB22661FFAD00AA351A /* LaunchScreen.storyboard */,
				AC085F3D2692EC71001492B2 /* Config.swift */,
			);
			path = "Supporting Files";
			sourceTree = "<group>";
		};
		AC0B1D63269071F500C6917A /* Result */ = {
			isa = PBXGroup;
			children = (
				AC0B1D642690721000C6917A /* LogCell.swift */,
				AC0B1D662690723B00C6917A /* ResultViewController.swift */,
				AC0B1D682690726100C6917A /* Result.storyboard */,
			);
			path = Result;
			sourceTree = "<group>";
		};
		AC122EC0266B827B00C0630F /* Home */ = {
			isa = PBXGroup;
			children = (
				AC008F3B268C4FA500B008FF /* HomeContentView.swift */,
			);
			path = Home;
			sourceTree = "<group>";
		};
		AC1D2C9B2661FFAC00AA351A = {
			isa = PBXGroup;
			children = (
				AC924CC1274A774D00E33BD1 /* MyWidgetExtension.entitlements */,
				AC1D2CA62661FFAC00AA351A /* ChatApplication */,
				AC924CB1274A6D7200E33BD1 /* MyWidget */,
				AC1D2CA52661FFAC00AA351A /* Products */,
				C0A961FA7FF2F8234A757F69 /* Pods */,
				D7403B2DDE1AAFA662CCACED /* Frameworks */,
				AC9891E1275E3C85007973F7 /* Recovered References */,
			);
			sourceTree = "<group>";
		};
		AC1D2CA52661FFAC00AA351A /* Products */ = {
			isa = PBXGroup;
			children = (
				AC1D2CA42661FFAC00AA351A /* ChatApplication.app */,
				AC924CAC274A6D7200E33BD1 /* MyWidgetExtension.appex */,
			);
			name = Products;
			sourceTree = "<group>";
		};
		AC1D2CA62661FFAC00AA351A /* ChatApplication */ = {
			isa = PBXGroup;
			children = (
				AC924CC2274A77BC00E33BD1 /* ChatApplication.entitlements */,
				AC9891E2275E3D48007973F7 /* Call */,
				ACC3C5EA26F462EE00AEE578 /* Login */,
				AC085F3C2692EC2E001492B2 /* Supporting Files */,
				AC0B1D63269071F500C6917A /* Result */,
				AC7B6D76266DFACC0059782E /* Settings */,
				AC9DAC6B266CAD44009E4722 /* Contacts */,
				AC122EC0266B827B00C0630F /* Home */,
				AC1D2CBC2662016D00AA351A /* Helper */,
				AC1D2CC32662016D00AA351A /* Threads */,
				AC1D2CC92662016E00AA351A /* ChatDelegateImplementation.swift */,
				ACA89498272678130014DDE9 /* TestAsyncRefactor.swift */,
				AC1D2CC22662016D00AA351A /* SceneDelegate.swift */,
				AC1D2CB52661FFAD00AA351A /* Info.plist */,
				AC1D2CAF2661FFAD00AA351A /* Preview Content */,
			);
			path = ChatApplication;
			sourceTree = "<group>";
		};
		AC1D2CAF2661FFAD00AA351A /* Preview Content */ = {
			isa = PBXGroup;
			children = (
				AC1D2CB02661FFAD00AA351A /* Preview Assets.xcassets */,
			);
			path = "Preview Content";
			sourceTree = "<group>";
		};
		AC1D2CBC2662016D00AA351A /* Helper */ = {
			isa = PBXGroup;
			children = (
				ACC4C1912765C32C008940CD /* Modifires */,
				AC1D2CBD2662016D00AA351A /* Extensions */,
				AC1D2CBE2662016D00AA351A /* CustomViews */,
				AC48ED5D26F6F6AD00AB1A5D /* Routes.swift */,
				AC48ED5F26F6F9E300AB1A5D /* RestClient.swift */,
			);
			path = Helper;
			sourceTree = "<group>";
		};
		AC1D2CBD2662016D00AA351A /* Extensions */ = {
			isa = PBXGroup;
			children = (
				AC20FBA3266CC4B500187B47 /* DateEX.swift */,
				AC5E388826F5B3D70016EFAA /* ListModifier.swift */,
				AC56469F27006DF600DE9805 /* UINavigationontroller.swift */,
				ACAB96D127030F9A005FB9AA /* ShapeExtension.swift */,
				ACAB96D327030FBE005FB9AA /* ViewExtension.swift */,
				AC91591C2718390D00437517 /* FileManagerExtension.swift */,
				AC21DA3F273BF7D700DC86E6 /* StringEX.swift */,
				AC2E4746274B58880073E8E4 /* UserDefaultsEX.swift */,
				AC2E4749274B6FB40073E8E4 /* AppGroup.swift */,
				AC94B099274E0BC200199B35 /* PHAssetEX.swift */,
				AC6291982750E29600190975 /* UrlEX.swift */,
				AC0FE1362755047A00C7A8DB /* IntEX.swift */,
				AC5411E3275631A90018C78D /* ColorEx.swift */,
				AC5411E527563A440018C78D /* UIImageEX.swift */,
				ACADE27C275788EB00DD40B4 /* MessageType.swift */,
			);
			path = Extensions;
			sourceTree = "<group>";
		};
		AC1D2CBE2662016D00AA351A /* CustomViews */ = {
			isa = PBXGroup;
			children = (
				AC7B6D74266DE7820059782E /* LoadingViewAtBottomOfView.swift */,
				AC924CA6274A3D1500E33BD1 /* LoadingViewAtCenterOfView.swift */,
				AC1D2CBF2662016D00AA351A /* ImageLoader.swift */,
				AC1D2CC02662016D00AA351A /* Avatar.swift */,
				AC5326192751F1DA003685E3 /* UploadFileView.swift */,
				AC62919A2750EC2200190975 /* DownloadFileView.swift */,
				AC1D2CC12662016D00AA351A /* LoadingView.swift */,
				AC122EC7266BA17C00C0630F /* PullToRefresh.swift */,
				AC0889AF2691E14500FD4552 /* CustomHostinViewController.swift */,
				AC90B25426FB838D00477E03 /* PageWithNavigationBarView.swift */,
				AC6D39E8270F1BEC004E1793 /* MultilineTextField.swift */,
				ACA6DA78271ABB2200286563 /* ActivityViewControllerWrapper.swift */,
				AC6291962750A91800190975 /* DocumentPicker.swift */,
				AC53261B2751F227003685E3 /* CircularProgressView.swift */,
				ACADE27E2757AD7B00DD40B4 /* RecordAudioBackground.swift */,
				ACFADE7D27674DDF007C555F /* CustomNavigationBar.swift */,
				ACFADE8127675C29007C555F /* PrimaryTextField.swift */,
			);
			path = CustomViews;
			sourceTree = "<group>";
		};
		AC1D2CC32662016D00AA351A /* Threads */ = {
			isa = PBXGroup;
			children = (
				ACC306A92701DF850035CCB9 /* StartThreadContactPickerView */,
				AC6D531E26F1AD9B00CBC059 /* Thread */,
				AC0435F926998CF300B1C87B /* Participants */,
				AC1D2CC42662016D00AA351A /* ThreadsModel.swift */,
				AC1D2CC52662016D00AA351A /* ThreadsViewModel.swift */,
				AC1D2CC72662016D00AA351A /* ThreadRow.swift */,
				AC122EC1266B82A000C0630F /* ThreadContentList.swift */,
			);
			path = Threads;
			sourceTree = "<group>";
		};
		AC3AB624274292F3006C3F85 /* Detail */ = {
			isa = PBXGroup;
			children = (
				AC3AB625274292F3006C3F85 /* ThreadDetailView.swift */,
			);
			path = Detail;
			sourceTree = "<group>";
		};
		AC6D531E26F1AD9B00CBC059 /* Thread */ = {
			isa = PBXGroup;
			children = (
				AC3AB624274292F3006C3F85 /* Detail */,
				AC6D531F26F1ADA500CBC059 /* ThreadView.swift */,
				AC6D532126F1ADF000CBC059 /* ThreadViewModel.swift */,
				AC6D532326F1AE8C00CBC059 /* MessageRow.swift */,
				AC6D532526F1AF4400CBC059 /* ThreadModel.swift */,
				ACEAEDD6274CFA1100EC8252 /* AttachmentDialog.swift */,
				ACEAEDD4274CF87600EC8252 /* ActionSheetViewModel.swift */,
				ACF82E0E275230C3000330DB /* UploadFileMessage.swift */,
			);
			path = Thread;
			sourceTree = "<group>";
		};
		AC7B6D76266DFACC0059782E /* Settings */ = {
			isa = PBXGroup;
			children = (
				ACD6840D26F8BAC20093002C /* SettingModel.swift */,
				ACD6840B26F8BA740093002C /* SettingViewModel.swift */,
				AC122EC3266B83A800C0630F /* SettingsView.swift */,
			);
			path = Settings;
			sourceTree = "<group>";
		};
		AC924CB1274A6D7200E33BD1 /* MyWidget */ = {
			isa = PBXGroup;
			children = (
				AC924CB2274A6D7200E33BD1 /* MyWidget.swift */,
				AC924CB4274A6D7200E33BD1 /* MyWidget.intentdefinition */,
				AC924CB5274A6D7300E33BD1 /* Assets.xcassets */,
				AC924CB7274A6D7300E33BD1 /* Info.plist */,
			);
			path = MyWidget;
			sourceTree = "<group>";
		};
		AC9891E1275E3C85007973F7 /* Recovered References */ = {
			isa = PBXGroup;
			children = (
				ACE8B7932740F72900C4444B /* ThreadDetailView.swift */,
				ACE126C7269C500A0036B721 /* CallParticipantRow.swift */,
				ACA6DA7B271ABDC100286563 /* ProviderDelegate.swift */,
				AC9BBFF0271AE82900AA2532 /* CallManager.swift */,
				AC9BBFF2271AEAA900AA2532 /* CallItem.swift */,
			);
			name = "Recovered References";
			sourceTree = "<group>";
		};
		AC9891E2275E3D48007973F7 /* Call */ = {
			isa = PBXGroup;
			children = (
				AC98921C275E4314007973F7 /* Helper */,
				AC9891E3275E3D48007973F7 /* WebRTCCallTest */,
				AC9891E6275E3D48007973F7 /* WebRTCCallDirectSignalingServer */,
				AC9891EB275E3D48007973F7 /* WebRTCCallTestLocalSignaling */,
				AC9891EE275E3D48007973F7 /* CallControls */,
				AC9891FB275E3D48007973F7 /* History */,
				AC989201275E3D48007973F7 /* GroupCallSelection */,
			);
			path = Call;
			sourceTree = "<group>";
		};
		AC9891E3275E3D48007973F7 /* WebRTCCallTest */ = {
			isa = PBXGroup;
			children = (
				AC9891E4275E3D48007973F7 /* WebRTCViewController.swift */,
				AC9891E5275E3D48007973F7 /* WebRTC.storyboard */,
			);
			path = WebRTCCallTest;
			sourceTree = "<group>";
		};
		AC9891E6275E3D48007973F7 /* WebRTCCallDirectSignalingServer */ = {
			isa = PBXGroup;
			children = (
				AC9891E7275E3D48007973F7 /* WebRTCDirectSignaling.storyboard */,
				AC9891E8275E3D48007973F7 /* WebRTC copy.storyboard */,
				AC9891EA275E3D48007973F7 /* WebRTCDirectSignalingViewController.swift */,
			);
			path = WebRTCCallDirectSignalingServer;
			sourceTree = "<group>";
		};
		AC9891EB275E3D48007973F7 /* WebRTCCallTestLocalSignaling */ = {
			isa = PBXGroup;
			children = (
				AC9891EC275E3D48007973F7 /* WebRTCViewControllerLocalSignaling.swift */,
				AC9891ED275E3D48007973F7 /* WebRTCLocalSignaling.storyboard */,
			);
			path = WebRTCCallTestLocalSignaling;
			sourceTree = "<group>";
		};
		AC9891EE275E3D48007973F7 /* CallControls */ = {
			isa = PBXGroup;
			children = (
				AC9891EF275E3D48007973F7 /* CallControlsModel.swift */,
				AC9891F0275E3D48007973F7 /* CallParticipants */,
				AC9891F5275E3D48007973F7 /* CallKit */,
				AC9891F9275E3D48007973F7 /* CallControlsContent.swift */,
				AC9891FA275E3D48007973F7 /* CallControlsViewModel.swift */,
			);
			path = CallControls;
			sourceTree = "<group>";
		};
		AC9891F0275E3D48007973F7 /* CallParticipants */ = {
			isa = PBXGroup;
			children = (
				AC9891F1275E3D48007973F7 /* CallParticipantsModel.swift */,
				AC9891F2275E3D48007973F7 /* CallParticipantsViewModel.swift */,
				AC9891F3275E3D48007973F7 /* CallParticipantsContentList.swift */,
				AC9891F4275E3D48007973F7 /* CallParticipantRow.swift */,
			);
			path = CallParticipants;
			sourceTree = "<group>";
		};
		AC9891F5275E3D48007973F7 /* CallKit */ = {
			isa = PBXGroup;
			children = (
				AC9891F6275E3D48007973F7 /* CallManager.swift */,
				AC9891F7275E3D48007973F7 /* CallItem.swift */,
				AC9891F8275E3D48007973F7 /* ProviderDelegate.swift */,
			);
			path = CallKit;
			sourceTree = "<group>";
		};
		AC9891FB275E3D48007973F7 /* History */ = {
			isa = PBXGroup;
			children = (
				AC9891FC275E3D48007973F7 /* CallsHistoryContentList.swift */,
				AC9891FD275E3D48007973F7 /* CallRow.swift */,
				AC9891FE275E3D48007973F7 /* CallsHistoryModel.swift */,
				AC9891FF275E3D48007973F7 /* CallsHistoryViewModel.swift */,
			);
			path = History;
			sourceTree = "<group>";
		};
		AC989201275E3D48007973F7 /* GroupCallSelection */ = {
			isa = PBXGroup;
			children = (
				AC989202275E3D48007973F7 /* GroupCallSelectionContentList.swift */,
			);
			path = GroupCallSelection;
			sourceTree = "<group>";
		};
		AC98921C275E4314007973F7 /* Helper */ = {
			isa = PBXGroup;
			children = (
				AC98921D275E4341007973F7 /* RTCVideoReperesentable.swift */,
			);
			path = Helper;
			sourceTree = "<group>";
		};
		AC9DAC6B266CAD44009E4722 /* Contacts */ = {
			isa = PBXGroup;
			children = (
				AC9DAC6C266CAD63009E4722 /* ContactsModel.swift */,
				AC9DAC6D266CAD63009E4722 /* ContactsViewModel.swift */,
				AC9DAC6E266CAD63009E4722 /* ContactRow.swift */,
				AC9DAC6F266CAD63009E4722 /* ContactContentList.swift */,
				AC0889A92691C32F00FD4552 /* TestSwiftUI.swift */,
				ACFBF1B826FCA51300DD27AE /* AddOrEditContactView.swift */,
				AC23695527439478008195D7 /* SearchContactRow.swift */,
			);
			path = Contacts;
			sourceTree = "<group>";
		};
		ACC306A92701DF850035CCB9 /* StartThreadContactPickerView */ = {
			isa = PBXGroup;
			children = (
				ACC306B02701E6350035CCB9 /* StartThreadContactRow.swift */,
				ACC306AC2701DFED0035CCB9 /* StartThreadContactPickerViewModel.swift */,
				ACC306AE2701E4B90035CCB9 /* StartThreadsModel.swift */,
				ACC306AA2701DF8C0035CCB9 /* StartThreadContactPickerView.swift */,
			);
			path = StartThreadContactPickerView;
			sourceTree = "<group>";
		};
		ACC3C5EA26F462EE00AEE578 /* Login */ = {
			isa = PBXGroup;
			children = (
				ACC3C5EB26F4630600AEE578 /* DTO */,
				AC10007826F46B4100C3AD67 /* LoginView.swift */,
				AC10007A26F46EC900C3AD67 /* LoginViewModel.swift */,
				AC826E3526F47A1F00551578 /* LoginModel.swift */,
			);
			path = Login;
			sourceTree = "<group>";
		};
		ACC3C5EB26F4630600AEE578 /* DTO */ = {
			isa = PBXGroup;
			children = (
				ACC3C5ED26F4631100AEE578 /* RES */,
				ACC3C5EC26F4630C00AEE578 /* REQ */,
			);
			path = DTO;
			sourceTree = "<group>";
		};
		ACC3C5EC26F4630C00AEE578 /* REQ */ = {
			isa = PBXGroup;
			children = (
				AC48ED6226F7051F00AB1A5D /* AuthorizeRequest.swift */,
				AC48ED6426F7299F00AB1A5D /* VerifyRequest.swift */,
				AC10007426F4698B00C3AD67 /* HandshakeRequest.swift */,
			);
			path = REQ;
			sourceTree = "<group>";
		};
		ACC3C5ED26F4631100AEE578 /* RES */ = {
			isa = PBXGroup;
			children = (
				AC10007026F4655E00C3AD67 /* AuthorizeResponse.swift */,
				AC10007226F4674500C3AD67 /* SSOTokenResponse.swift */,
				ACC3C5EE26F4633800AEE578 /* HandshakeResponse.swift */,
			);
			path = RES;
			sourceTree = "<group>";
		};
		ACC4C1912765C32C008940CD /* Modifires */ = {
			isa = PBXGroup;
			children = (
				ACC4C1922765C342008940CD /* ViewEX.swift */,
				ACFADE8327675DA5007C555F /* DeepButtonStyle.swift */,
				ACFADE7F27675BB6007C555F /* PrimaryButtonStyle.swift */,
			);
			path = Modifires;
			sourceTree = "<group>";
		};
		C0A961FA7FF2F8234A757F69 /* Pods */ = {
			isa = PBXGroup;
			children = (
				9A615D99777E0D11597A95AC /* Pods-ChatApplication.debug.xcconfig */,
				4456B7A264ACE718F903CCD4 /* Pods-ChatApplication.release.xcconfig */,
				8CA2F73799200C2D894FB00A /* Pods-MyWidgetExtension.debug.xcconfig */,
				AB5AF3771F0B0A7B17247142 /* Pods-MyWidgetExtension.release.xcconfig */,
			);
			path = Pods;
			sourceTree = "<group>";
		};
		D7403B2DDE1AAFA662CCACED /* Frameworks */ = {
			isa = PBXGroup;
			children = (
				4F7DD945EEAC5CFDE0C688FC /* Pods_ChatApplication.framework */,
				AC924CAD274A6D7200E33BD1 /* WidgetKit.framework */,
				AC924CAF274A6D7200E33BD1 /* SwiftUI.framework */,
				0703C3D3AE7BBA360A74A78B /* Pods_MyWidgetExtension.framework */,
			);
			name = Frameworks;
			sourceTree = "<group>";
		};
/* End PBXGroup section */

/* Begin PBXNativeTarget section */
		AC1D2CA32661FFAC00AA351A /* ChatApplication */ = {
			isa = PBXNativeTarget;
			buildConfigurationList = AC1D2CB82661FFAD00AA351A /* Build configuration list for PBXNativeTarget "ChatApplication" */;
			buildPhases = (
				8ACAF7A68160A3FAA3F80765 /* [CP] Check Pods Manifest.lock */,
				AC1D2CA02661FFAC00AA351A /* Sources */,
				AC1D2CA12661FFAC00AA351A /* Frameworks */,
				AC1D2CA22661FFAC00AA351A /* Resources */,
				AC61D98326F067B500331FD2 /* ShellScript */,
				AC924CBC274A6D7300E33BD1 /* Embed App Extensions */,
				18175183816BC9DFE3F2DE3C /* [CP] Embed Pods Frameworks */,
			);
			buildRules = (
			);
			dependencies = (
				AC924CBB274A6D7300E33BD1 /* PBXTargetDependency */,
			);
			name = ChatApplication;
			productName = ChatApplication;
			productReference = AC1D2CA42661FFAC00AA351A /* ChatApplication.app */;
			productType = "com.apple.product-type.application";
		};
		AC924CAB274A6D7200E33BD1 /* MyWidgetExtension */ = {
			isa = PBXNativeTarget;
			buildConfigurationList = AC924CBE274A6D7300E33BD1 /* Build configuration list for PBXNativeTarget "MyWidgetExtension" */;
			buildPhases = (
				2DBEB65625322ACE133D9FB4 /* [CP] Check Pods Manifest.lock */,
				AC924CA8274A6D7200E33BD1 /* Sources */,
				AC924CA9274A6D7200E33BD1 /* Frameworks */,
				AC924CAA274A6D7200E33BD1 /* Resources */,
			);
			buildRules = (
			);
			dependencies = (
			);
			name = MyWidgetExtension;
			productName = MyWidgetExtension;
			productReference = AC924CAC274A6D7200E33BD1 /* MyWidgetExtension.appex */;
			productType = "com.apple.product-type.app-extension";
		};
/* End PBXNativeTarget section */

/* Begin PBXProject section */
		AC1D2C9C2661FFAC00AA351A /* Project object */ = {
			isa = PBXProject;
			attributes = {
				LastSwiftUpdateCheck = 1310;
				LastUpgradeCheck = 1250;
				TargetAttributes = {
					AC1D2CA32661FFAC00AA351A = {
						CreatedOnToolsVersion = 12.5;
						LastSwiftMigration = 1250;
					};
					AC924CAB274A6D7200E33BD1 = {
						CreatedOnToolsVersion = 13.1;
					};
				};
			};
			buildConfigurationList = AC1D2C9F2661FFAC00AA351A /* Build configuration list for PBXProject "ChatApplication" */;
			compatibilityVersion = "Xcode 9.3";
			developmentRegion = en;
			hasScannedForEncodings = 0;
			knownRegions = (
				en,
				Base,
			);
			mainGroup = AC1D2C9B2661FFAC00AA351A;
			productRefGroup = AC1D2CA52661FFAC00AA351A /* Products */;
			projectDirPath = "";
			projectRoot = "";
			targets = (
				AC1D2CA32661FFAC00AA351A /* ChatApplication */,
				AC924CAB274A6D7200E33BD1 /* MyWidgetExtension */,
			);
		};
/* End PBXProject section */

/* Begin PBXResourcesBuildPhase section */
		AC1D2CA22661FFAC00AA351A /* Resources */ = {
			isa = PBXResourcesBuildPhase;
			buildActionMask = 2147483647;
			files = (
				AC98920A275E3D48007973F7 /* WebRTCLocalSignaling.storyboard in Resources */,
				AC989206275E3D48007973F7 /* WebRTC copy.storyboard in Resources */,
				AC1D2CB42661FFAD00AA351A /* LaunchScreen.storyboard in Resources */,
				AC00883B271D65B000376BBB /* Ringtone.aif in Resources */,
				AC989205275E3D48007973F7 /* WebRTCDirectSignaling.storyboard in Resources */,
				AC1D2CB12661FFAD00AA351A /* Preview Assets.xcassets in Resources */,
				AC989204275E3D48007973F7 /* WebRTC.storyboard in Resources */,
				AC085F3B2692EA8A001492B2 /* Config.json in Resources */,
				AC1D2CAE2661FFAD00AA351A /* Assets.xcassets in Resources */,
				AC0B1D692690726100C6917A /* Result.storyboard in Resources */,
				AC2D31C426EF75BC008FF43F /* webrtc_user_b.mp4 in Resources */,
				AC2D31C326EF75BC008FF43F /* webrtc_user_a.mp4 in Resources */,
			);
			runOnlyForDeploymentPostprocessing = 0;
		};
		AC924CAA274A6D7200E33BD1 /* Resources */ = {
			isa = PBXResourcesBuildPhase;
			buildActionMask = 2147483647;
			files = (
				AC924CB6274A6D7300E33BD1 /* Assets.xcassets in Resources */,
			);
			runOnlyForDeploymentPostprocessing = 0;
		};
/* End PBXResourcesBuildPhase section */

/* Begin PBXShellScriptBuildPhase section */
		18175183816BC9DFE3F2DE3C /* [CP] Embed Pods Frameworks */ = {
			isa = PBXShellScriptBuildPhase;
			buildActionMask = 2147483647;
			files = (
			);
			inputFileListPaths = (
				"${PODS_ROOT}/Target Support Files/Pods-ChatApplication/Pods-ChatApplication-frameworks-${CONFIGURATION}-input-files.xcfilelist",
			);
			name = "[CP] Embed Pods Frameworks";
			outputFileListPaths = (
				"${PODS_ROOT}/Target Support Files/Pods-ChatApplication/Pods-ChatApplication-frameworks-${CONFIGURATION}-output-files.xcfilelist",
			);
			runOnlyForDeploymentPostprocessing = 0;
			shellPath = /bin/sh;
			shellScript = "\"${PODS_ROOT}/Target Support Files/Pods-ChatApplication/Pods-ChatApplication-frameworks.sh\"\n";
			showEnvVarsInLog = 0;
		};
		2DBEB65625322ACE133D9FB4 /* [CP] Check Pods Manifest.lock */ = {
			isa = PBXShellScriptBuildPhase;
			buildActionMask = 2147483647;
			files = (
			);
			inputFileListPaths = (
			);
			inputPaths = (
				"${PODS_PODFILE_DIR_PATH}/Podfile.lock",
				"${PODS_ROOT}/Manifest.lock",
			);
			name = "[CP] Check Pods Manifest.lock";
			outputFileListPaths = (
			);
			outputPaths = (
				"$(DERIVED_FILE_DIR)/Pods-MyWidgetExtension-checkManifestLockResult.txt",
			);
			runOnlyForDeploymentPostprocessing = 0;
			shellPath = /bin/sh;
			shellScript = "diff \"${PODS_PODFILE_DIR_PATH}/Podfile.lock\" \"${PODS_ROOT}/Manifest.lock\" > /dev/null\nif [ $? != 0 ] ; then\n    # print error to STDERR\n    echo \"error: The sandbox is not in sync with the Podfile.lock. Run 'pod install' or update your CocoaPods installation.\" >&2\n    exit 1\nfi\n# This output is used by Xcode 'outputs' to avoid re-running this script phase.\necho \"SUCCESS\" > \"${SCRIPT_OUTPUT_FILE_0}\"\n";
			showEnvVarsInLog = 0;
		};
		8ACAF7A68160A3FAA3F80765 /* [CP] Check Pods Manifest.lock */ = {
			isa = PBXShellScriptBuildPhase;
			buildActionMask = 2147483647;
			files = (
			);
			inputFileListPaths = (
			);
			inputPaths = (
				"${PODS_PODFILE_DIR_PATH}/Podfile.lock",
				"${PODS_ROOT}/Manifest.lock",
			);
			name = "[CP] Check Pods Manifest.lock";
			outputFileListPaths = (
			);
			outputPaths = (
				"$(DERIVED_FILE_DIR)/Pods-ChatApplication-checkManifestLockResult.txt",
			);
			runOnlyForDeploymentPostprocessing = 0;
			shellPath = /bin/sh;
			shellScript = "diff \"${PODS_PODFILE_DIR_PATH}/Podfile.lock\" \"${PODS_ROOT}/Manifest.lock\" > /dev/null\nif [ $? != 0 ] ; then\n    # print error to STDERR\n    echo \"error: The sandbox is not in sync with the Podfile.lock. Run 'pod install' or update your CocoaPods installation.\" >&2\n    exit 1\nfi\n# This output is used by Xcode 'outputs' to avoid re-running this script phase.\necho \"SUCCESS\" > \"${SCRIPT_OUTPUT_FILE_0}\"\n";
			showEnvVarsInLog = 0;
		};
		AC61D98326F067B500331FD2 /* ShellScript */ = {
			isa = PBXShellScriptBuildPhase;
			buildActionMask = 2147483647;
			files = (
			);
			inputFileListPaths = (
			);
			inputPaths = (
			);
			outputFileListPaths = (
			);
			outputPaths = (
			);
			runOnlyForDeploymentPostprocessing = 0;
			shellPath = /bin/sh;
			shellScript = "custom_sim=`xcrun simctl list | grep 'MultipleSimualtor' | awk -F'[()]' '{print $2}'`\nif [ ! -z \"${custom_sim}\" ] && [ \"${TARGET_DEVICE_IDENTIFIER}\" = \"${custom_sim}\" ]; then\n/bin/sh multipleSimulatorsStartup.sh &\necho \"heloo\"\nfi\n\n";
		};
/* End PBXShellScriptBuildPhase section */

/* Begin PBXSourcesBuildPhase section */
		AC1D2CA02661FFAC00AA351A /* Sources */ = {
			isa = PBXSourcesBuildPhase;
			buildActionMask = 2147483647;
			files = (
				ACFADE8027675BB6007C555F /* PrimaryButtonStyle.swift in Sources */,
				AC90B25526FB838D00477E03 /* PageWithNavigationBarView.swift in Sources */,
				AC0B1D672690723B00C6917A /* ResultViewController.swift in Sources */,
				AC10007326F4674500C3AD67 /* SSOTokenResponse.swift in Sources */,
				AC989210275E3D48007973F7 /* CallManager.swift in Sources */,
				ACADE27D275788EB00DD40B4 /* MessageType.swift in Sources */,
				AC0889AA2691C32F00FD4552 /* TestSwiftUI.swift in Sources */,
				ACF82E0F275230C3000330DB /* UploadFileMessage.swift in Sources */,
				AC6291972750A91800190975 /* DocumentPicker.swift in Sources */,
				AC989215275E3D48007973F7 /* CallsHistoryContentList.swift in Sources */,
				AC989217275E3D48007973F7 /* CallsHistoryModel.swift in Sources */,
				AC98921A275E3D48007973F7 /* GroupCallSelectionContentList.swift in Sources */,
				AC6D532626F1AF4400CBC059 /* ThreadModel.swift in Sources */,
				AC008F3C268C4FA500B008FF /* HomeContentView.swift in Sources */,
				ACFADE8227675C29007C555F /* PrimaryTextField.swift in Sources */,
				AC10007B26F46EC900C3AD67 /* LoginViewModel.swift in Sources */,
				AC3AB626274292F3006C3F85 /* ThreadDetailView.swift in Sources */,
				AC23695627439478008195D7 /* SearchContactRow.swift in Sources */,
				AC989209275E3D48007973F7 /* WebRTCViewControllerLocalSignaling.swift in Sources */,
				ACC4C1932765C342008940CD /* ViewEX.swift in Sources */,
				AC122EC2266B82A000C0630F /* ThreadContentList.swift in Sources */,
				ACA6DA79271ABB2200286563 /* ActivityViewControllerWrapper.swift in Sources */,
				ACFBF1B926FCA51300DD27AE /* AddOrEditContactView.swift in Sources */,
				ACC306AD2701DFED0035CCB9 /* StartThreadContactPickerViewModel.swift in Sources */,
				AC989214275E3D48007973F7 /* CallControlsViewModel.swift in Sources */,
				AC5646A027006DF600DE9805 /* UINavigationontroller.swift in Sources */,
				AC62919B2750EC3900190975 /* DownloadFileView.swift in Sources */,
				AC2E474A274B6FB40073E8E4 /* AppGroup.swift in Sources */,
				AC122EC8266BA17C00C0630F /* PullToRefresh.swift in Sources */,
				AC1D2CCF2662016E00AA351A /* ThreadsViewModel.swift in Sources */,
				AC989203275E3D48007973F7 /* WebRTCViewController.swift in Sources */,
				AC7EBFF4266CAF2500984E81 /* ContactContentList.swift in Sources */,
				ACC306AF2701E4B90035CCB9 /* StartThreadsModel.swift in Sources */,
				AC5411E627563A440018C78D /* UIImageEX.swift in Sources */,
				AC1D2CCB2662016E00AA351A /* Avatar.swift in Sources */,
				AC1D2CD12662016E00AA351A /* ThreadRow.swift in Sources */,
				AC0889AC2691D47E00FD4552 /* AppState.swift in Sources */,
				AC989213275E3D48007973F7 /* CallControlsContent.swift in Sources */,
				AC1D2CD22662016E00AA351A /* AppDelegate.swift in Sources */,
				AC1D2CD32662016E00AA351A /* ChatDelegateImplementation.swift in Sources */,
				AC48ED6326F7051F00AB1A5D /* AuthorizeRequest.swift in Sources */,
				ACD6840E26F8BAC20093002C /* SettingModel.swift in Sources */,
				AC2E4747274B58880073E8E4 /* UserDefaultsEX.swift in Sources */,
				AC1D2CCA2662016E00AA351A /* ImageLoader.swift in Sources */,
				AC48ED6526F7299F00AB1A5D /* VerifyRequest.swift in Sources */,
				AC0FE1372755047A00C7A8DB /* IntEX.swift in Sources */,
				AC1D2CCC2662016E00AA351A /* LoadingView.swift in Sources */,
				ACAB96D427030FBE005FB9AA /* ViewExtension.swift in Sources */,
				ACC306AB2701DF960035CCB9 /* StartThreadContactPickerView.swift in Sources */,
				ACEAEDD5274CF87600EC8252 /* ActionSheetViewModel.swift in Sources */,
				AC94B09A274E0BC200199B35 /* PHAssetEX.swift in Sources */,
				AC53261A2751F1F3003685E3 /* UploadFileView.swift in Sources */,
				ACC306B12701E6350035CCB9 /* StartThreadContactRow.swift in Sources */,
				AC7EBFF7266CAF3100984E81 /* ContactsModel.swift in Sources */,
				AC48ED6026F6F9E300AB1A5D /* RestClient.swift in Sources */,
				AC0889B02691E14500FD4552 /* CustomHostinViewController.swift in Sources */,
				AC989212275E3D48007973F7 /* ProviderDelegate.swift in Sources */,
				AC91591D2718390D00437517 /* FileManagerExtension.swift in Sources */,
				AC0435FC26998D3700B1C87B /* ParticipantsModel.swift in Sources */,
				AC6D532426F1AE8C00CBC059 /* MessageRow.swift in Sources */,
				AC989218275E3D48007973F7 /* CallsHistoryViewModel.swift in Sources */,
				AC122EC4266B83A800C0630F /* SettingsView.swift in Sources */,
				AC6D39E9270F1BEC004E1793 /* MultilineTextField.swift in Sources */,
				AC98920D275E3D48007973F7 /* CallParticipantsViewModel.swift in Sources */,
				AC6291992750E29600190975 /* UrlEX.swift in Sources */,
				ACEAEDD7274CFA1100EC8252 /* AttachmentDialog.swift in Sources */,
				AC5411E4275631A90018C78D /* ColorEx.swift in Sources */,
				AC0B1D652690721000C6917A /* LogCell.swift in Sources */,
				ACFADE7E27674DDF007C555F /* CustomNavigationBar.swift in Sources */,
				AC6D532026F1ADD000CBC059 /* ThreadView.swift in Sources */,
				ACAB96D227030F9A005FB9AA /* ShapeExtension.swift in Sources */,
				AC826E3626F47A1F00551578 /* LoginModel.swift in Sources */,
				AC1D2CCD2662016E00AA351A /* SceneDelegate.swift in Sources */,
				ACA89499272678130014DDE9 /* TestAsyncRefactor.swift in Sources */,
				AC7EBFF6266CAF2E00984E81 /* ContactsViewModel.swift in Sources */,
				AC989211275E3D48007973F7 /* CallItem.swift in Sources */,
				ACFADE8427675DA5007C555F /* DeepButtonStyle.swift in Sources */,
				AC04360126998D5F00B1C87B /* ParticipantsContentList.swift in Sources */,
				AC5E388926F5B3D70016EFAA /* ListModifier.swift in Sources */,
				AC0435FF26998D4400B1C87B /* ParticipantRow.swift in Sources */,
				AC98920B275E3D48007973F7 /* CallControlsModel.swift in Sources */,
				AC98921B275E3F66007973F7 /* CallState.swift in Sources */,
				AC0435FD26998D3E00B1C87B /* ParticipantsViewModel.swift in Sources */,
				AC1D2CCE2662016E00AA351A /* ThreadsModel.swift in Sources */,
				AC48ED5E26F6F6AE00AB1A5D /* Routes.swift in Sources */,
				AC085F3E2692EC71001492B2 /* Config.swift in Sources */,
				AC98921E275E4341007973F7 /* RTCVideoReperesentable.swift in Sources */,
				AC10007126F4655E00C3AD67 /* AuthorizeResponse.swift in Sources */,
				AC48ED6126F6FD3A00AB1A5D /* HandshakeRequest.swift in Sources */,
				AC7EBFF5266CAF2B00984E81 /* ContactRow.swift in Sources */,
				AC7B6D75266DE7820059782E /* LoadingViewAtBottomOfView.swift in Sources */,
				AC21DA40273BF7D700DC86E6 /* StringEX.swift in Sources */,
				AC989216275E3D48007973F7 /* CallRow.swift in Sources */,
				AC98920C275E3D48007973F7 /* CallParticipantsModel.swift in Sources */,
				AC20FBA4266CC4B500187B47 /* DateEX.swift in Sources */,
				AC98920F275E3D48007973F7 /* CallParticipantRow.swift in Sources */,
				AC10007926F46B4100C3AD67 /* LoginView.swift in Sources */,
				AC924CB9274A6D7300E33BD1 /* MyWidget.intentdefinition in Sources */,
				ACC3C5EF26F4633900AEE578 /* HandshakeResponse.swift in Sources */,
				AC924CA7274A3D1500E33BD1 /* LoadingViewAtCenterOfView.swift in Sources */,
				AC989208275E3D48007973F7 /* WebRTCDirectSignalingViewController.swift in Sources */,
				AC53261C2751F227003685E3 /* CircularProgressView.swift in Sources */,
				AC6D532226F1ADF000CBC059 /* ThreadViewModel.swift in Sources */,
				AC98920E275E3D48007973F7 /* CallParticipantsContentList.swift in Sources */,
				ACD6840C26F8BA740093002C /* SettingViewModel.swift in Sources */,
				ACADE27F2757AD7B00DD40B4 /* RecordAudioBackground.swift in Sources */,
			);
			runOnlyForDeploymentPostprocessing = 0;
		};
		AC924CA8274A6D7200E33BD1 /* Sources */ = {
			isa = PBXSourcesBuildPhase;
			buildActionMask = 2147483647;
			files = (
				AC2E4748274B58EB0073E8E4 /* UserDefaultsEX.swift in Sources */,
				AC2E474B274B6FB70073E8E4 /* AppGroup.swift in Sources */,
				AC924CC3274A806300E33BD1 /* Avatar.swift in Sources */,
				AC924CB8274A6D7300E33BD1 /* MyWidget.intentdefinition in Sources */,
				AC924CC4274A80CC00E33BD1 /* ImageLoader.swift in Sources */,
				AC924CB3274A6D7200E33BD1 /* MyWidget.swift in Sources */,
			);
			runOnlyForDeploymentPostprocessing = 0;
		};
/* End PBXSourcesBuildPhase section */

/* Begin PBXTargetDependency section */
		AC924CBB274A6D7300E33BD1 /* PBXTargetDependency */ = {
			isa = PBXTargetDependency;
			target = AC924CAB274A6D7200E33BD1 /* MyWidgetExtension */;
			targetProxy = AC924CBA274A6D7300E33BD1 /* PBXContainerItemProxy */;
		};
/* End PBXTargetDependency section */

/* Begin PBXVariantGroup section */
		AC1D2CB22661FFAD00AA351A /* LaunchScreen.storyboard */ = {
			isa = PBXVariantGroup;
			children = (
				AC1D2CB32661FFAD00AA351A /* Base */,
			);
			name = LaunchScreen.storyboard;
			sourceTree = "<group>";
		};
/* End PBXVariantGroup section */

/* Begin XCBuildConfiguration section */
		AC1D2CB62661FFAD00AA351A /* Debug */ = {
			isa = XCBuildConfiguration;
			buildSettings = {
				ALWAYS_SEARCH_USER_PATHS = NO;
				CLANG_ANALYZER_NONNULL = YES;
				CLANG_ANALYZER_NUMBER_OBJECT_CONVERSION = YES_AGGRESSIVE;
				CLANG_CXX_LANGUAGE_STANDARD = "gnu++14";
				CLANG_CXX_LIBRARY = "libc++";
				CLANG_ENABLE_MODULES = YES;
				CLANG_ENABLE_OBJC_ARC = YES;
				CLANG_ENABLE_OBJC_WEAK = YES;
				CLANG_WARN_BLOCK_CAPTURE_AUTORELEASING = YES;
				CLANG_WARN_BOOL_CONVERSION = YES;
				CLANG_WARN_COMMA = YES;
				CLANG_WARN_CONSTANT_CONVERSION = YES;
				CLANG_WARN_DEPRECATED_OBJC_IMPLEMENTATIONS = YES;
				CLANG_WARN_DIRECT_OBJC_ISA_USAGE = YES_ERROR;
				CLANG_WARN_DOCUMENTATION_COMMENTS = YES;
				CLANG_WARN_EMPTY_BODY = YES;
				CLANG_WARN_ENUM_CONVERSION = YES;
				CLANG_WARN_INFINITE_RECURSION = YES;
				CLANG_WARN_INT_CONVERSION = YES;
				CLANG_WARN_NON_LITERAL_NULL_CONVERSION = YES;
				CLANG_WARN_OBJC_IMPLICIT_RETAIN_SELF = YES;
				CLANG_WARN_OBJC_LITERAL_CONVERSION = YES;
				CLANG_WARN_OBJC_ROOT_CLASS = YES_ERROR;
				CLANG_WARN_QUOTED_INCLUDE_IN_FRAMEWORK_HEADER = YES;
				CLANG_WARN_RANGE_LOOP_ANALYSIS = YES;
				CLANG_WARN_STRICT_PROTOTYPES = YES;
				CLANG_WARN_SUSPICIOUS_MOVE = YES;
				CLANG_WARN_UNGUARDED_AVAILABILITY = YES_AGGRESSIVE;
				CLANG_WARN_UNREACHABLE_CODE = YES;
				CLANG_WARN__DUPLICATE_METHOD_MATCH = YES;
				COPY_PHASE_STRIP = NO;
				DEBUG_INFORMATION_FORMAT = dwarf;
				ENABLE_STRICT_OBJC_MSGSEND = YES;
				ENABLE_TESTABILITY = YES;
				GCC_C_LANGUAGE_STANDARD = gnu11;
				GCC_DYNAMIC_NO_PIC = NO;
				GCC_NO_COMMON_BLOCKS = YES;
				GCC_OPTIMIZATION_LEVEL = 0;
				GCC_PREPROCESSOR_DEFINITIONS = (
					"DEBUG=1",
					"$(inherited)",
				);
				GCC_WARN_64_TO_32_BIT_CONVERSION = YES;
				GCC_WARN_ABOUT_RETURN_TYPE = YES_ERROR;
				GCC_WARN_UNDECLARED_SELECTOR = YES;
				GCC_WARN_UNINITIALIZED_AUTOS = YES_AGGRESSIVE;
				GCC_WARN_UNUSED_FUNCTION = YES;
				GCC_WARN_UNUSED_VARIABLE = YES;
				IPHONEOS_DEPLOYMENT_TARGET = 14.5;
				MTL_ENABLE_DEBUG_INFO = INCLUDE_SOURCE;
				MTL_FAST_MATH = YES;
				ONLY_ACTIVE_ARCH = YES;
				SDKROOT = iphoneos;
				SWIFT_ACTIVE_COMPILATION_CONDITIONS = DEBUG;
				SWIFT_OPTIMIZATION_LEVEL = "-Onone";
			};
			name = Debug;
		};
		AC1D2CB72661FFAD00AA351A /* Release */ = {
			isa = XCBuildConfiguration;
			buildSettings = {
				ALWAYS_SEARCH_USER_PATHS = NO;
				CLANG_ANALYZER_NONNULL = YES;
				CLANG_ANALYZER_NUMBER_OBJECT_CONVERSION = YES_AGGRESSIVE;
				CLANG_CXX_LANGUAGE_STANDARD = "gnu++14";
				CLANG_CXX_LIBRARY = "libc++";
				CLANG_ENABLE_MODULES = YES;
				CLANG_ENABLE_OBJC_ARC = YES;
				CLANG_ENABLE_OBJC_WEAK = YES;
				CLANG_WARN_BLOCK_CAPTURE_AUTORELEASING = YES;
				CLANG_WARN_BOOL_CONVERSION = YES;
				CLANG_WARN_COMMA = YES;
				CLANG_WARN_CONSTANT_CONVERSION = YES;
				CLANG_WARN_DEPRECATED_OBJC_IMPLEMENTATIONS = YES;
				CLANG_WARN_DIRECT_OBJC_ISA_USAGE = YES_ERROR;
				CLANG_WARN_DOCUMENTATION_COMMENTS = YES;
				CLANG_WARN_EMPTY_BODY = YES;
				CLANG_WARN_ENUM_CONVERSION = YES;
				CLANG_WARN_INFINITE_RECURSION = YES;
				CLANG_WARN_INT_CONVERSION = YES;
				CLANG_WARN_NON_LITERAL_NULL_CONVERSION = YES;
				CLANG_WARN_OBJC_IMPLICIT_RETAIN_SELF = YES;
				CLANG_WARN_OBJC_LITERAL_CONVERSION = YES;
				CLANG_WARN_OBJC_ROOT_CLASS = YES_ERROR;
				CLANG_WARN_QUOTED_INCLUDE_IN_FRAMEWORK_HEADER = YES;
				CLANG_WARN_RANGE_LOOP_ANALYSIS = YES;
				CLANG_WARN_STRICT_PROTOTYPES = YES;
				CLANG_WARN_SUSPICIOUS_MOVE = YES;
				CLANG_WARN_UNGUARDED_AVAILABILITY = YES_AGGRESSIVE;
				CLANG_WARN_UNREACHABLE_CODE = YES;
				CLANG_WARN__DUPLICATE_METHOD_MATCH = YES;
				COPY_PHASE_STRIP = NO;
				DEBUG_INFORMATION_FORMAT = "dwarf-with-dsym";
				ENABLE_NS_ASSERTIONS = NO;
				ENABLE_STRICT_OBJC_MSGSEND = YES;
				GCC_C_LANGUAGE_STANDARD = gnu11;
				GCC_NO_COMMON_BLOCKS = YES;
				GCC_WARN_64_TO_32_BIT_CONVERSION = YES;
				GCC_WARN_ABOUT_RETURN_TYPE = YES_ERROR;
				GCC_WARN_UNDECLARED_SELECTOR = YES;
				GCC_WARN_UNINITIALIZED_AUTOS = YES_AGGRESSIVE;
				GCC_WARN_UNUSED_FUNCTION = YES;
				GCC_WARN_UNUSED_VARIABLE = YES;
				IPHONEOS_DEPLOYMENT_TARGET = 14.5;
				MTL_ENABLE_DEBUG_INFO = NO;
				MTL_FAST_MATH = YES;
				SDKROOT = iphoneos;
				SWIFT_COMPILATION_MODE = wholemodule;
				SWIFT_OPTIMIZATION_LEVEL = "-O";
				VALIDATE_PRODUCT = YES;
			};
			name = Release;
		};
		AC1D2CB92661FFAD00AA351A /* Debug */ = {
			isa = XCBuildConfiguration;
			baseConfigurationReference = 9A615D99777E0D11597A95AC /* Pods-ChatApplication.debug.xcconfig */;
			buildSettings = {
				ALWAYS_EMBED_SWIFT_STANDARD_LIBRARIES = YES;
				ASSETCATALOG_COMPILER_APPICON_NAME = AppIcon;
				ASSETCATALOG_COMPILER_GLOBAL_ACCENT_COLOR_NAME = AccentColor;
				CLANG_ENABLE_MODULES = YES;
				CODE_SIGN_ENTITLEMENTS = ChatApplication/ChatApplication.entitlements;
				CODE_SIGN_IDENTITY = "Apple Development";
				CODE_SIGN_STYLE = Automatic;
				DEVELOPMENT_ASSET_PATHS = "\"ChatApplication/Preview Content\"";
				DEVELOPMENT_TEAM = 7QN43D38LP;
				ENABLE_BITCODE = NO;
				ENABLE_PREVIEWS = YES;
				INFOPLIST_FILE = ChatApplication/Info.plist;
				IPHONEOS_DEPLOYMENT_TARGET = 14.1;
				LD_RUNPATH_SEARCH_PATHS = (
					"$(inherited)",
					"@executable_path/Frameworks",
				);
				OTHER_LDFLAGS = "$(inherited)";
				PRODUCT_BUNDLE_IDENTIFIER = ir.test.ChatApplication;
				PRODUCT_NAME = "$(TARGET_NAME)";
				PROVISIONING_PROFILE_SPECIFIER = "";
				SWIFT_OPTIMIZATION_LEVEL = "-Onone";
				SWIFT_VERSION = 5.0;
				TARGETED_DEVICE_FAMILY = "1,2";
			};
			name = Debug;
		};
		AC1D2CBA2661FFAD00AA351A /* Release */ = {
			isa = XCBuildConfiguration;
			baseConfigurationReference = 4456B7A264ACE718F903CCD4 /* Pods-ChatApplication.release.xcconfig */;
			buildSettings = {
				ALWAYS_EMBED_SWIFT_STANDARD_LIBRARIES = YES;
				ASSETCATALOG_COMPILER_APPICON_NAME = AppIcon;
				ASSETCATALOG_COMPILER_GLOBAL_ACCENT_COLOR_NAME = AccentColor;
				CLANG_ENABLE_MODULES = YES;
				CODE_SIGN_ENTITLEMENTS = ChatApplication/ChatApplication.entitlements;
				CODE_SIGN_IDENTITY = "Apple Development";
				CODE_SIGN_STYLE = Automatic;
				DEVELOPMENT_ASSET_PATHS = "\"ChatApplication/Preview Content\"";
				DEVELOPMENT_TEAM = 7QN43D38LP;
				ENABLE_BITCODE = NO;
				ENABLE_PREVIEWS = YES;
				INFOPLIST_FILE = ChatApplication/Info.plist;
				IPHONEOS_DEPLOYMENT_TARGET = 14.1;
				LD_RUNPATH_SEARCH_PATHS = (
					"$(inherited)",
					"@executable_path/Frameworks",
				);
				OTHER_LDFLAGS = "$(inherited)";
				PRODUCT_BUNDLE_IDENTIFIER = ir.test.ChatApplication;
				PRODUCT_NAME = "$(TARGET_NAME)";
				PROVISIONING_PROFILE_SPECIFIER = "";
				SWIFT_VERSION = 5.0;
				TARGETED_DEVICE_FAMILY = "1,2";
			};
			name = Release;
		};
		AC924CBF274A6D7300E33BD1 /* Debug */ = {
			isa = XCBuildConfiguration;
			baseConfigurationReference = 8CA2F73799200C2D894FB00A /* Pods-MyWidgetExtension.debug.xcconfig */;
			buildSettings = {
				ASSETCATALOG_COMPILER_GLOBAL_ACCENT_COLOR_NAME = AccentColor;
				ASSETCATALOG_COMPILER_WIDGET_BACKGROUND_COLOR_NAME = WidgetBackground;
				CLANG_CXX_LANGUAGE_STANDARD = "gnu++17";
				CODE_SIGN_ENTITLEMENTS = MyWidgetExtension.entitlements;
				CODE_SIGN_STYLE = Automatic;
				CURRENT_PROJECT_VERSION = 1;
				DEVELOPMENT_TEAM = 7QN43D38LP;
				GENERATE_INFOPLIST_FILE = YES;
				INFOPLIST_FILE = MyWidget/Info.plist;
				INFOPLIST_KEY_CFBundleDisplayName = MyWidget;
				INFOPLIST_KEY_NSHumanReadableCopyright = "";
				IPHONEOS_DEPLOYMENT_TARGET = 15.0;
				LD_RUNPATH_SEARCH_PATHS = (
					"$(inherited)",
					"@executable_path/Frameworks",
					"@executable_path/../../Frameworks",
				);
				MARKETING_VERSION = 1.0;
				PRODUCT_BUNDLE_IDENTIFIER = ir.test.ChatApplication.MyWidget;
				PRODUCT_NAME = "$(TARGET_NAME)";
				SKIP_INSTALL = YES;
				SWIFT_EMIT_LOC_STRINGS = YES;
				SWIFT_VERSION = 5.0;
				TARGETED_DEVICE_FAMILY = "1,2";
			};
			name = Debug;
		};
		AC924CC0274A6D7300E33BD1 /* Release */ = {
			isa = XCBuildConfiguration;
			baseConfigurationReference = AB5AF3771F0B0A7B17247142 /* Pods-MyWidgetExtension.release.xcconfig */;
			buildSettings = {
				ASSETCATALOG_COMPILER_GLOBAL_ACCENT_COLOR_NAME = AccentColor;
				ASSETCATALOG_COMPILER_WIDGET_BACKGROUND_COLOR_NAME = WidgetBackground;
				CLANG_CXX_LANGUAGE_STANDARD = "gnu++17";
				CODE_SIGN_ENTITLEMENTS = MyWidgetExtension.entitlements;
				CODE_SIGN_STYLE = Automatic;
				CURRENT_PROJECT_VERSION = 1;
				DEVELOPMENT_TEAM = 7QN43D38LP;
				GENERATE_INFOPLIST_FILE = YES;
				INFOPLIST_FILE = MyWidget/Info.plist;
				INFOPLIST_KEY_CFBundleDisplayName = MyWidget;
				INFOPLIST_KEY_NSHumanReadableCopyright = "";
				IPHONEOS_DEPLOYMENT_TARGET = 15.0;
				LD_RUNPATH_SEARCH_PATHS = (
					"$(inherited)",
					"@executable_path/Frameworks",
					"@executable_path/../../Frameworks",
				);
				MARKETING_VERSION = 1.0;
				PRODUCT_BUNDLE_IDENTIFIER = ir.test.ChatApplication.MyWidget;
				PRODUCT_NAME = "$(TARGET_NAME)";
				SKIP_INSTALL = YES;
				SWIFT_EMIT_LOC_STRINGS = YES;
				SWIFT_VERSION = 5.0;
				TARGETED_DEVICE_FAMILY = "1,2";
			};
			name = Release;
		};
/* End XCBuildConfiguration section */

/* Begin XCConfigurationList section */
		AC1D2C9F2661FFAC00AA351A /* Build configuration list for PBXProject "ChatApplication" */ = {
			isa = XCConfigurationList;
			buildConfigurations = (
				AC1D2CB62661FFAD00AA351A /* Debug */,
				AC1D2CB72661FFAD00AA351A /* Release */,
			);
			defaultConfigurationIsVisible = 0;
			defaultConfigurationName = Release;
		};
		AC1D2CB82661FFAD00AA351A /* Build configuration list for PBXNativeTarget "ChatApplication" */ = {
			isa = XCConfigurationList;
			buildConfigurations = (
				AC1D2CB92661FFAD00AA351A /* Debug */,
				AC1D2CBA2661FFAD00AA351A /* Release */,
			);
			defaultConfigurationIsVisible = 0;
			defaultConfigurationName = Release;
		};
		AC924CBE274A6D7300E33BD1 /* Build configuration list for PBXNativeTarget "MyWidgetExtension" */ = {
			isa = XCConfigurationList;
			buildConfigurations = (
				AC924CBF274A6D7300E33BD1 /* Debug */,
				AC924CC0274A6D7300E33BD1 /* Release */,
			);
			defaultConfigurationIsVisible = 0;
			defaultConfigurationName = Release;
		};
/* End XCConfigurationList section */
	};
	rootObject = AC1D2C9C2661FFAC00AA351A /* Project object */;
}
